// !$*UTF8*$!
{
	archiveVersion = 1;
	classes = {
	};
	objectVersion = 46;
	objects = {

/* Begin PBXFileReference section */
		4912CBDE1F966ED700DF081C /* base.NL.dmg */ = {isa = PBXFileReference; lastKnownFileType = file; path = base.NL.dmg; sourceTree = "<group>"; };
		4915A62E1F9E819300B4B205 /* rcedit-x86.exe */ = {isa = PBXFileReference; lastKnownFileType = file; path = "rcedit-x86.exe"; sourceTree = "<group>"; };
		4915A6301FA0482800B4B205 /* raster.ico */ = {isa = PBXFileReference; lastKnownFileType = image.ico; path = raster.ico; sourceTree = "<group>"; };
		4915A6311FA049DD00B4B205 /* Raster.EN.nsis */ = {isa = PBXFileReference; fileEncoding = 4; lastKnownFileType = text; path = Raster.EN.nsis; sourceTree = "<group>"; };
		4915A6321FA113D900B4B205 /* FileAssociation.nsh */ = {isa = PBXFileReference; fileEncoding = 4; lastKnownFileType = text; name = FileAssociation.nsh; path = script/FileAssociation.nsh; sourceTree = SOURCE_ROOT; };
		4915A6331FA113D900B4B205 /* Raster.NL.nsis */ = {isa = PBXFileReference; fileEncoding = 4; lastKnownFileType = text; name = Raster.NL.nsis; path = script/Raster.NL.nsis; sourceTree = SOURCE_ROOT; };
		49196E2C1F85312F00097E97 /* jquery-3.2.1.min.js */ = {isa = PBXFileReference; fileEncoding = 4; lastKnownFileType = sourcecode.javascript; path = "jquery-3.2.1.min.js"; sourceTree = "<group>"; };
		49196E2F1F85408F00097E97 /* jquery-ui-1.12.1.min.js */ = {isa = PBXFileReference; fileEncoding = 4; lastKnownFileType = sourcecode.javascript; path = "jquery-ui-1.12.1.min.js"; sourceTree = "<group>"; };
		49196E311F85417B00097E97 /* smoothness-1.12.1 */ = {isa = PBXFileReference; lastKnownFileType = folder; path = "smoothness-1.12.1"; sourceTree = "<group>"; };
		49196E321F85417B00097E97 /* redmond-1.12.1 */ = {isa = PBXFileReference; lastKnownFileType = folder; path = "redmond-1.12.1"; sourceTree = "<group>"; };
		49196E331F86BE6B00097E97 /* start-1.12.1 */ = {isa = PBXFileReference; lastKnownFileType = folder; path = "start-1.12.1"; sourceTree = "<group>"; };
		491CD6CA187D97B60028B84D /* tNOTicon.png */ = {isa = PBXFileReference; lastKnownFileType = image.png; path = tNOTicon.png; sourceTree = "<group>"; };
		491CD6CB187D97C90028B84D /* tNOT.png */ = {isa = PBXFileReference; lastKnownFileType = image.png; path = tNOT.png; sourceTree = "<group>"; };
		491CD6CC187D97D00028B84D /* tNOT.png */ = {isa = PBXFileReference; lastKnownFileType = image.png; path = tNOT.png; sourceTree = "<group>"; };
		491CD6CD187D97D90028B84D /* tNOT.png */ = {isa = PBXFileReference; lastKnownFileType = image.png; path = tNOT.png; sourceTree = "<group>"; };
		491CD6CE187D97EA0028B84D /* tNOT.png */ = {isa = PBXFileReference; lastKnownFileType = image.png; path = tNOT.png; sourceTree = "<group>"; };
		491CD6CF187D97F30028B84D /* tNOT.png */ = {isa = PBXFileReference; lastKnownFileType = image.png; path = tNOT.png; sourceTree = "<group>"; };
		491CD6D0187D97FC0028B84D /* tNOT.png */ = {isa = PBXFileReference; lastKnownFileType = image.png; path = tNOT.png; sourceTree = "<group>"; };
		491CD6D1187D98070028B84D /* tNOT.png */ = {isa = PBXFileReference; lastKnownFileType = image.png; path = tNOT.png; sourceTree = "<group>"; };
		491CD6D2187D980F0028B84D /* tNOT.png */ = {isa = PBXFileReference; lastKnownFileType = image.png; path = tNOT.png; sourceTree = "<group>"; };
		491CD6D3187DA7600028B84D /* dropedit.png */ = {isa = PBXFileReference; lastKnownFileType = image.png; path = dropedit.png; sourceTree = "<group>"; };
		493AA22F1A7419A9005DDFFB /* README.md */ = {isa = PBXFileReference; lastKnownFileType = net.daringfireball.markdown; path = README.md; sourceTree = "<group>"; };
		494464AD1A2323990066BDE1 /* About.html */ = {isa = PBXFileReference; fileEncoding = 4; lastKnownFileType = text.html; path = About.html; sourceTree = "<group>"; };
		494464AE1A2323990066BDE1 /* Frequency.html */ = {isa = PBXFileReference; fileEncoding = 4; lastKnownFileType = text.html; path = Frequency.html; sourceTree = "<group>"; };
		494464AF1A2323990066BDE1 /* Impact.html */ = {isa = PBXFileReference; fileEncoding = 4; lastKnownFileType = text.html; path = Impact.html; sourceTree = "<group>"; };
		494464B01A2323990066BDE1 /* Process.html */ = {isa = PBXFileReference; fileEncoding = 4; lastKnownFileType = text.html; path = Process.html; sourceTree = "<group>"; };
		494464B51A2324D40066BDE1 /* Process-nl.html */ = {isa = PBXFileReference; fileEncoding = 4; lastKnownFileType = text.html; path = "Process-nl.html"; sourceTree = "<group>"; };
		494464B61A2324D40066BDE1 /* Frequency-nl.html */ = {isa = PBXFileReference; fileEncoding = 4; lastKnownFileType = text.html; path = "Frequency-nl.html"; sourceTree = "<group>"; };
		494464B71A2324D40066BDE1 /* Impact-nl.html */ = {isa = PBXFileReference; fileEncoding = 4; lastKnownFileType = text.html; path = "Impact-nl.html"; sourceTree = "<group>"; };
		494464B81A2324D40066BDE1 /* About-nl.html */ = {isa = PBXFileReference; fileEncoding = 4; lastKnownFileType = text.html; path = "About-nl.html"; sourceTree = "<group>"; };
		494B6F6718796E9D00400328 /* Bugs and Features.txt */ = {isa = PBXFileReference; lastKnownFileType = text; path = "Bugs and Features.txt"; sourceTree = "<group>"; };
		494B6F6818796E9D00400328 /* designAtomicActions.txt */ = {isa = PBXFileReference; lastKnownFileType = text; path = designAtomicActions.txt; sourceTree = "<group>"; };
		494B6F6918796E9D00400328 /* encodedecode.js */ = {isa = PBXFileReference; lastKnownFileType = sourcecode.javascript; path = encodedecode.js; sourceTree = "<group>"; };
		494B6F6A18796E9D00400328 /* eventsource.js */ = {isa = PBXFileReference; lastKnownFileType = sourcecode.javascript; path = eventsource.js; sourceTree = "<group>"; };
		494B6F6F18796E9D00400328 /* jquery.editinplace-2.2.1.js */ = {isa = PBXFileReference; lastKnownFileType = sourcecode.javascript; path = "jquery.editinplace-2.2.1.js"; sourceTree = "<group>"; };
		494B6F7A18796E9D00400328 /* layout.odg */ = {isa = PBXFileReference; lastKnownFileType = file; path = layout.odg; sourceTree = "<group>"; };
		494B6F7D18796E9D00400328 /* jsl */ = {isa = PBXFileReference; lastKnownFileType = "compiled.mach-o.executable"; path = jsl; sourceTree = "<group>"; };
		494B6F7E18796E9D00400328 /* jsl.default.conf */ = {isa = PBXFileReference; lastKnownFileType = text; path = jsl.default.conf; sourceTree = "<group>"; };
		494B6F7F18796E9D00400328 /* rasterComponent.js */ = {isa = PBXFileReference; lastKnownFileType = sourcecode.javascript; path = rasterComponent.js; sourceTree = "<group>"; wrapsLines = 0; };
		494B6F8118796E9D00400328 /* rasterMain.js */ = {isa = PBXFileReference; explicitFileType = sourcecode.javascript; fileEncoding = 4; path = rasterMain.js; sourceTree = "<group>"; };
		494B6F8218796E9D00400328 /* rasterNode.js */ = {isa = PBXFileReference; lastKnownFileType = sourcecode.javascript; path = rasterNode.js; sourceTree = "<group>"; };
		494B6F8318796E9D00400328 /* rasterNodeCluster.js */ = {isa = PBXFileReference; lastKnownFileType = sourcecode.javascript; path = rasterNodeCluster.js; sourceTree = "<group>"; };
		494B6F8418796E9D00400328 /* rasterPreferencesObject.js */ = {isa = PBXFileReference; lastKnownFileType = sourcecode.javascript; path = rasterPreferencesObject.js; sourceTree = "<group>"; };
		494B6F8518796E9D00400328 /* rasterProject.js */ = {isa = PBXFileReference; lastKnownFileType = sourcecode.javascript; path = rasterProject.js; sourceTree = "<group>"; };
		494B6F8618796E9D00400328 /* rasterService.js */ = {isa = PBXFileReference; lastKnownFileType = sourcecode.javascript; path = rasterService.js; sourceTree = "<group>"; };
		494B6F8718796E9D00400328 /* rasterThreatEvaluation.js */ = {isa = PBXFileReference; lastKnownFileType = sourcecode.javascript; path = rasterThreatEvaluation.js; sourceTree = "<group>"; };
		494B6F8818796E9D00400328 /* Testcase.txt */ = {isa = PBXFileReference; lastKnownFileType = text; path = Testcase.txt; sourceTree = "<group>"; };
		494B6F8A18796E9D00400328 /* index.inc */ = {isa = PBXFileReference; explicitFileType = text.html.documentation; path = index.inc; sourceTree = "<group>"; };
		494B6FA118796E9D00400328 /* sse_projmon.inc */ = {isa = PBXFileReference; explicitFileType = text.script.php; path = sse_projmon.inc; sourceTree = "<group>"; };
		494B6FB518796E9D00400328 /* raster-print.css */ = {isa = PBXFileReference; lastKnownFileType = text.css; path = "raster-print.css"; sourceTree = "<group>"; };
		494B6FB618796E9D00400328 /* raster.css */ = {isa = PBXFileReference; lastKnownFileType = text.css; path = raster.css; sourceTree = "<group>"; };
		494B6FDB18796E9D00400328 /* htaccess */ = {isa = PBXFileReference; lastKnownFileType = text; path = htaccess; sourceTree = "<group>"; };
		494B6FDC18796E9D00400328 /* index.php */ = {isa = PBXFileReference; lastKnownFileType = text.script.php; path = index.php; sourceTree = "<group>"; };
		494B6FDD18796E9D00400328 /* share.php */ = {isa = PBXFileReference; lastKnownFileType = text.script.php; path = share.php; sourceTree = "<group>"; };
		494B6FEA18796E9D00400328 /* sse_projmon.php */ = {isa = PBXFileReference; lastKnownFileType = text.script.php; path = sse_projmon.php; sourceTree = "<group>"; };
		494B6FED18796E9D00400328 /* tACT.png */ = {isa = PBXFileReference; lastKnownFileType = image.png; path = tACT.png; sourceTree = "<group>"; };
		494B6FEE18796E9D00400328 /* tEQT.png */ = {isa = PBXFileReference; lastKnownFileType = image.png; path = tEQT.png; sourceTree = "<group>"; };
		494B6FEF18796E9D00400328 /* tUNK.png */ = {isa = PBXFileReference; lastKnownFileType = image.png; path = tUNK.png; sourceTree = "<group>"; };
		494B6FF018796E9D00400328 /* tWLS.png */ = {isa = PBXFileReference; lastKnownFileType = image.png; path = tWLS.png; sourceTree = "<group>"; };
		494B6FF118796E9D00400328 /* tWRD.png */ = {isa = PBXFileReference; lastKnownFileType = image.png; path = tWRD.png; sourceTree = "<group>"; };
		494B6FF218796E9D00400328 /* disable.png */ = {isa = PBXFileReference; lastKnownFileType = image.png; path = disable.png; sourceTree = "<group>"; };
		494B6FF318796E9D00400328 /* dropdown.png */ = {isa = PBXFileReference; lastKnownFileType = image.png; path = dropdown.png; sourceTree = "<group>"; };
		494B6FF518796E9D00400328 /* tACT.png */ = {isa = PBXFileReference; lastKnownFileType = image.png; path = tACT.png; sourceTree = "<group>"; };
		494B6FF618796E9D00400328 /* tEQT.png */ = {isa = PBXFileReference; lastKnownFileType = image.png; path = tEQT.png; sourceTree = "<group>"; };
		494B6FF718796E9D00400328 /* tUNK.png */ = {isa = PBXFileReference; lastKnownFileType = image.png; path = tUNK.png; sourceTree = "<group>"; };
		494B6FF818796E9D00400328 /* tWLS.png */ = {isa = PBXFileReference; lastKnownFileType = image.png; path = tWLS.png; sourceTree = "<group>"; };
		494B6FF918796E9D00400328 /* tWRD.png */ = {isa = PBXFileReference; lastKnownFileType = image.png; path = tWRD.png; sourceTree = "<group>"; };
		494B6FFB18796E9D00400328 /* tACT.png */ = {isa = PBXFileReference; lastKnownFileType = image.png; path = tACT.png; sourceTree = "<group>"; };
		494B6FFC18796E9D00400328 /* tEQT.png */ = {isa = PBXFileReference; lastKnownFileType = image.png; path = tEQT.png; sourceTree = "<group>"; };
		494B6FFD18796E9D00400328 /* tUNK.png */ = {isa = PBXFileReference; lastKnownFileType = image.png; path = tUNK.png; sourceTree = "<group>"; };
		494B6FFE18796E9D00400328 /* tWLS.png */ = {isa = PBXFileReference; lastKnownFileType = image.png; path = tWLS.png; sourceTree = "<group>"; };
		494B6FFF18796E9D00400328 /* tWRD.png */ = {isa = PBXFileReference; lastKnownFileType = image.png; path = tWRD.png; sourceTree = "<group>"; };
		494B700018796E9D00400328 /* info.png */ = {isa = PBXFileReference; lastKnownFileType = image.png; path = info.png; sourceTree = "<group>"; };
		494B700118796E9D00400328 /* list.png */ = {isa = PBXFileReference; lastKnownFileType = image.png; path = list.png; sourceTree = "<group>"; };
		494B700218796E9D00400328 /* nolabel.png */ = {isa = PBXFileReference; lastKnownFileType = image.png; path = nolabel.png; sourceTree = "<group>"; };
		494B700418796E9D00400328 /* tACT.png */ = {isa = PBXFileReference; lastKnownFileType = image.png; path = tACT.png; sourceTree = "<group>"; };
		494B700518796E9D00400328 /* tEQT.png */ = {isa = PBXFileReference; lastKnownFileType = image.png; path = tEQT.png; sourceTree = "<group>"; };
		494B700618796E9D00400328 /* tUNK.png */ = {isa = PBXFileReference; lastKnownFileType = image.png; path = tUNK.png; sourceTree = "<group>"; };
		494B700718796E9D00400328 /* tWLS.png */ = {isa = PBXFileReference; lastKnownFileType = image.png; path = tWLS.png; sourceTree = "<group>"; };
		494B700818796E9D00400328 /* tWRD.png */ = {isa = PBXFileReference; lastKnownFileType = image.png; path = tWRD.png; sourceTree = "<group>"; };
		494B700A18796E9D00400328 /* tACT.png */ = {isa = PBXFileReference; lastKnownFileType = image.png; path = tACT.png; sourceTree = "<group>"; };
		494B700B18796E9D00400328 /* tEQT.png */ = {isa = PBXFileReference; lastKnownFileType = image.png; path = tEQT.png; sourceTree = "<group>"; };
		494B700C18796E9D00400328 /* tUNK.png */ = {isa = PBXFileReference; lastKnownFileType = image.png; path = tUNK.png; sourceTree = "<group>"; };
		494B700D18796E9D00400328 /* tWLS.png */ = {isa = PBXFileReference; lastKnownFileType = image.png; path = tWLS.png; sourceTree = "<group>"; };
		494B700E18796E9D00400328 /* tWRD.png */ = {isa = PBXFileReference; lastKnownFileType = image.png; path = tWRD.png; sourceTree = "<group>"; };
		494B701018796E9D00400328 /* tACT.png */ = {isa = PBXFileReference; lastKnownFileType = image.png; path = tACT.png; sourceTree = "<group>"; };
		494B701118796E9D00400328 /* tEQT.png */ = {isa = PBXFileReference; lastKnownFileType = image.png; path = tEQT.png; sourceTree = "<group>"; };
		494B701218796E9D00400328 /* tUNK.png */ = {isa = PBXFileReference; lastKnownFileType = image.png; path = tUNK.png; sourceTree = "<group>"; };
		494B701318796E9D00400328 /* tWLS.png */ = {isa = PBXFileReference; lastKnownFileType = image.png; path = tWLS.png; sourceTree = "<group>"; };
		494B701418796E9D00400328 /* tWRD.png */ = {isa = PBXFileReference; lastKnownFileType = image.png; path = tWRD.png; sourceTree = "<group>"; };
		494B701518796E9D00400328 /* Raster.png */ = {isa = PBXFileReference; lastKnownFileType = image.png; path = Raster.png; sourceTree = "<group>"; };
		494B701718796E9D00400328 /* tACT.png */ = {isa = PBXFileReference; lastKnownFileType = image.png; path = tACT.png; sourceTree = "<group>"; };
		494B701818796E9D00400328 /* tEQT.png */ = {isa = PBXFileReference; lastKnownFileType = image.png; path = tEQT.png; sourceTree = "<group>"; };
		494B701918796E9D00400328 /* tUNK.png */ = {isa = PBXFileReference; lastKnownFileType = image.png; path = tUNK.png; sourceTree = "<group>"; };
		494B701A18796E9D00400328 /* tWLS.png */ = {isa = PBXFileReference; lastKnownFileType = image.png; path = tWLS.png; sourceTree = "<group>"; };
		494B701B18796E9D00400328 /* tWRD.png */ = {isa = PBXFileReference; lastKnownFileType = image.png; path = tWRD.png; sourceTree = "<group>"; };
		494B701C18796E9D00400328 /* selected.png */ = {isa = PBXFileReference; lastKnownFileType = image.png; path = selected.png; sourceTree = "<group>"; };
		494B701D18796E9D00400328 /* tACTicon.png */ = {isa = PBXFileReference; lastKnownFileType = image.png; path = tACTicon.png; sourceTree = "<group>"; };
		494B701E18796E9D00400328 /* tEQTicon.png */ = {isa = PBXFileReference; lastKnownFileType = image.png; path = tEQTicon.png; sourceTree = "<group>"; };
		494B701F18796E9D00400328 /* tUNKicon.png */ = {isa = PBXFileReference; lastKnownFileType = image.png; path = tUNKicon.png; sourceTree = "<group>"; };
		494B702018796E9D00400328 /* tWLSicon.png */ = {isa = PBXFileReference; lastKnownFileType = image.png; path = tWLSicon.png; sourceTree = "<group>"; };
		494B702118796E9D00400328 /* tWRDicon.png */ = {isa = PBXFileReference; lastKnownFileType = image.png; path = tWRDicon.png; sourceTree = "<group>"; };
		494B702218796E9D00400328 /* warn.png */ = {isa = PBXFileReference; lastKnownFileType = image.png; path = warn.png; sourceTree = "<group>"; };
		494B702418796E9D00400328 /* tACT.png */ = {isa = PBXFileReference; lastKnownFileType = image.png; path = tACT.png; sourceTree = "<group>"; };
		494B702518796E9D00400328 /* tEQT.png */ = {isa = PBXFileReference; lastKnownFileType = image.png; path = tEQT.png; sourceTree = "<group>"; };
		494B702618796E9D00400328 /* tUNK.png */ = {isa = PBXFileReference; lastKnownFileType = image.png; path = tUNK.png; sourceTree = "<group>"; };
		494B702718796E9D00400328 /* tWLS.png */ = {isa = PBXFileReference; lastKnownFileType = image.png; path = tWLS.png; sourceTree = "<group>"; };
		494B702818796E9D00400328 /* tWRD.png */ = {isa = PBXFileReference; lastKnownFileType = image.png; path = tWRD.png; sourceTree = "<group>"; };
		494B702918796E9D00400328 /* share.inc */ = {isa = PBXFileReference; explicitFileType = text.script.php; path = share.inc; sourceTree = "<group>"; };
		494B702A18796E9D00400328 /* ReleaseNotes.txt */ = {isa = PBXFileReference; lastKnownFileType = text; path = ReleaseNotes.txt; sourceTree = "<group>"; };
		494B702C18796E9D00400328 /* index.html */ = {isa = PBXFileReference; lastKnownFileType = text.html; path = index.html; sourceTree = "<group>"; };
		4954ADED1F954398002A6FBC /* base.EN.dmg */ = {isa = PBXFileReference; lastKnownFileType = file; path = base.EN.dmg; sourceTree = "<group>"; };
		4954ADEE1F954581002A6FBC /* electron-v1.7.9-win32-ia32.zip */ = {isa = PBXFileReference; lastKnownFileType = archive.zip; path = "electron-v1.7.9-win32-ia32.zip"; sourceTree = "<group>"; };
		4961E8B71C415CE60001FAE3 /* Raster-EN-1.1.epub */ = {isa = PBXFileReference; lastKnownFileType = file; path = "Raster-EN-1.1.epub"; sourceTree = "<group>"; };
		4961E8B81C415CE60001FAE3 /* Raster-NL-1.1.epub */ = {isa = PBXFileReference; lastKnownFileType = file; path = "Raster-NL-1.1.epub"; sourceTree = "<group>"; };
		498BB2B31A26231E00B12844 /* find.png */ = {isa = PBXFileReference; lastKnownFileType = image.png; path = find.png; sourceTree = "<group>"; };
		498BB2B91A2626AF00B12844 /* build_tgz.sh */ = {isa = PBXFileReference; fileEncoding = 4; lastKnownFileType = text.script.sh; path = build_tgz.sh; sourceTree = "<group>"; };
		4997D9131F8A5DF200E3481A /* barB.png */ = {isa = PBXFileReference; lastKnownFileType = image.png; path = barB.png; sourceTree = "<group>"; };
		4997D9141F8A5DF300E3481A /* barC.png */ = {isa = PBXFileReference; lastKnownFileType = image.png; path = barC.png; sourceTree = "<group>"; };
		4997D9151F8A5DF300E3481A /* barCV.png */ = {isa = PBXFileReference; lastKnownFileType = image.png; path = barCV.png; sourceTree = "<group>"; };
		4997D9161F8A5DF300E3481A /* barV.png */ = {isa = PBXFileReference; lastKnownFileType = image.png; path = barV.png; sourceTree = "<group>"; };
		499804E3187F29D10063E8C5 /* qm-hi.png */ = {isa = PBXFileReference; lastKnownFileType = image.png; path = "qm-hi.png"; sourceTree = "<group>"; };
		499804E4187F29D10063E8C5 /* qm-lo.png */ = {isa = PBXFileReference; lastKnownFileType = image.png; path = "qm-lo.png"; sourceTree = "<group>"; };
		4999EB4B1F8FEAAB009BBF18 /* preprocess-server.sh */ = {isa = PBXFileReference; fileEncoding = 4; lastKnownFileType = text.script.sh; path = "preprocess-server.sh"; sourceTree = "<group>"; };
		4999EB5F1F9004D0009BBF18 /* clean.sh */ = {isa = PBXFileReference; fileEncoding = 4; lastKnownFileType = text.script.sh; path = clean.sh; sourceTree = "<group>"; };
		4999EB641F90074E009BBF18 /* electron-v1.7.9-darwin-x64.zip */ = {isa = PBXFileReference; lastKnownFileType = archive.zip; path = "electron-v1.7.9-darwin-x64.zip"; sourceTree = "<group>"; };
		4999EB651F9007CE009BBF18 /* build-electron-macos.sh */ = {isa = PBXFileReference; fileEncoding = 4; lastKnownFileType = text.script.sh; path = "build-electron-macos.sh"; sourceTree = "<group>"; };
		4999EB6B1F900AA9009BBF18 /* standalone.html */ = {isa = PBXFileReference; fileEncoding = 4; lastKnownFileType = text.html; path = standalone.html; sourceTree = "<group>"; };
		4999EB6C1F900BB2009BBF18 /* package.json */ = {isa = PBXFileReference; lastKnownFileType = text.json; path = package.json; sourceTree = "<group>"; };
		4999EB6D1F900C07009BBF18 /* main.js */ = {isa = PBXFileReference; explicitFileType = sourcecode.javascript; path = main.js; sourceTree = "<group>"; };
		499A6B9F1A72D97A0047E182 /* README.md */ = {isa = PBXFileReference; fileEncoding = 4; lastKnownFileType = net.daringfireball.markdown; path = README.md; sourceTree = "<group>"; };
		499A6BA01A72DC080047E182 /* LICENSE.md */ = {isa = PBXFileReference; fileEncoding = 4; lastKnownFileType = net.daringfireball.markdown; path = LICENSE.md; sourceTree = "<group>"; };
		499BA93D1AD80D22005D20B4 /* jquery.jsPlumb-1.7.5.js */ = {isa = PBXFileReference; lastKnownFileType = sourcecode.javascript; path = "jquery.jsPlumb-1.7.5.js"; sourceTree = "<group>"; };
		49CD587D1F92238E00A9F17F /* e-translation-NL.js */ = {isa = PBXFileReference; lastKnownFileType = sourcecode.javascript; path = "e-translation-NL.js"; sourceTree = "<group>"; };
		49CD587E1F933CD600A9F17F /* e-translation-EN.js */ = {isa = PBXFileReference; fileEncoding = 4; lastKnownFileType = sourcecode.javascript; path = "e-translation-EN.js"; sourceTree = "<group>"; };
		49CD587F1F93922E00A9F17F /* Object data structure.txt */ = {isa = PBXFileReference; lastKnownFileType = text; path = "Object data structure.txt"; sourceTree = "<group>"; };
		49D256041A1E87BF00102918 /* jquery.localisation.js */ = {isa = PBXFileReference; fileEncoding = 4; lastKnownFileType = sourcecode.javascript; path = jquery.localisation.js; sourceTree = "<group>"; };
		49D256061A1E88A200102918 /* translation-nl.js */ = {isa = PBXFileReference; fileEncoding = 4; lastKnownFileType = sourcecode.javascript; path = "translation-nl.js"; sourceTree = "<group>"; };
		49E402A81F99378B00978B5C /* Untitled 1.odg */ = {isa = PBXFileReference; lastKnownFileType = file; path = "Untitled 1.odg"; sourceTree = "<group>"; };
		49E402A91F99378B00978B5C /* RasterIcon.odg */ = {isa = PBXFileReference; lastKnownFileType = file; path = RasterIcon.odg; sourceTree = "<group>"; };
		49E402B61F99381500978B5C /* icon_256x256.png */ = {isa = PBXFileReference; lastKnownFileType = image.png; path = icon_256x256.png; sourceTree = "<group>"; };
		49E402B71F99381600978B5C /* icon_16x16@2x.png */ = {isa = PBXFileReference; lastKnownFileType = image.png; path = "icon_16x16@2x.png"; sourceTree = "<group>"; };
		49E402B81F99381600978B5C /* icon_32x32.png */ = {isa = PBXFileReference; lastKnownFileType = image.png; path = icon_32x32.png; sourceTree = "<group>"; };
		49E402B91F99381600978B5C /* icon_16x16.png */ = {isa = PBXFileReference; lastKnownFileType = image.png; path = icon_16x16.png; sourceTree = "<group>"; };
		49E402BA1F99381600978B5C /* icon_32x32@2x.png */ = {isa = PBXFileReference; lastKnownFileType = image.png; path = "icon_32x32@2x.png"; sourceTree = "<group>"; };
		49E402BB1F99381600978B5C /* icon_128x128.png */ = {isa = PBXFileReference; lastKnownFileType = image.png; path = icon_128x128.png; sourceTree = "<group>"; };
		49E402BC1F99381700978B5C /* icon_256x256@2x.png */ = {isa = PBXFileReference; lastKnownFileType = image.png; path = "icon_256x256@2x.png"; sourceTree = "<group>"; };
		49E402BD1F99381700978B5C /* icon_512x512.png */ = {isa = PBXFileReference; lastKnownFileType = image.png; path = icon_512x512.png; sourceTree = "<group>"; };
		49E402BE1F99381700978B5C /* icon_512x512@2x.png */ = {isa = PBXFileReference; lastKnownFileType = image.png; path = "icon_512x512@2x.png"; sourceTree = "<group>"; };
		49E402BF1F99381700978B5C /* icon_128x128@2x.png */ = {isa = PBXFileReference; lastKnownFileType = image.png; path = "icon_128x128@2x.png"; sourceTree = "<group>"; };
		49F6CFD81C3E5CA0005C96A7 /* Raster-EN-1.1.pdf */ = {isa = PBXFileReference; lastKnownFileType = image.pdf; path = "Raster-EN-1.1.pdf"; sourceTree = "<group>"; };
		49F6CFD91C3E5CA0005C96A7 /* Raster-NL-1.1.pdf */ = {isa = PBXFileReference; lastKnownFileType = image.pdf; path = "Raster-NL-1.1.pdf"; sourceTree = "<group>"; };
/* End PBXFileReference section */

/* Begin PBXGroup section */
		4915A6341FA1141600B4B205 /* css */ = {
			isa = PBXGroup;
			children = (
				49196E331F86BE6B00097E97 /* start-1.12.1 */,
				49196E321F85417B00097E97 /* redmond-1.12.1 */,
			);
			path = css;
			sourceTree = "<group>";
		};
		493AA22E1A7419A9005DDFFB /* SharedProjects */ = {
			isa = PBXGroup;
			children = (
				493AA22F1A7419A9005DDFFB /* README.md */,
			);
			path = SharedProjects;
			sourceTree = "<group>";
		};
		494464AC1A2323990066BDE1 /* help */ = {
			isa = PBXGroup;
			children = (
				494464AE1A2323990066BDE1 /* Frequency.html */,
				494464B61A2324D40066BDE1 /* Frequency-nl.html */,
				494464AF1A2323990066BDE1 /* Impact.html */,
				494464B71A2324D40066BDE1 /* Impact-nl.html */,
				494464B01A2323990066BDE1 /* Process.html */,
				494464B51A2324D40066BDE1 /* Process-nl.html */,
				494464AD1A2323990066BDE1 /* About.html */,
				494464B81A2324D40066BDE1 /* About-nl.html */,
			);
			path = help;
			sourceTree = "<group>";
		};
		494B6F5E18796DD000400328 = {
			isa = PBXGroup;
			children = (
				49F279FE1F91DB3E003F360B /* doc */,
				49F279FD1F91DB23003F360B /* script */,
				49F279FC1F91DB17003F360B /* src */,
				49F279FB1F91DB10003F360B /* server */,
				494B6FDA18796E9D00400328 /* public_group */,
				49F279FA1F91DAD4003F360B /* common */,
				4999EB431F8F284F009BBF18 /* standalone */,
			);
			sourceTree = "<group>";
			usesTabs = 1;
			wrapsLines = 0;
		};
		494B6F6618796E9D00400328 /* js */ = {
			isa = PBXGroup;
			children = (
				494B6F6918796E9D00400328 /* encodedecode.js */,
				49196E2C1F85312F00097E97 /* jquery-3.2.1.min.js */,
				49196E2F1F85408F00097E97 /* jquery-ui-1.12.1.min.js */,
				49D256041A1E87BF00102918 /* jquery.localisation.js */,
				494B6F6F18796E9D00400328 /* jquery.editinplace-2.2.1.js */,
				499BA93D1AD80D22005D20B4 /* jquery.jsPlumb-1.7.5.js */,
				49D256061A1E88A200102918 /* translation-nl.js */,
			);
			path = js;
			sourceTree = "<group>";
		};
		494B6F7B18796E9D00400328 /* lint */ = {
			isa = PBXGroup;
			children = (
				494B6F7D18796E9D00400328 /* jsl */,
				494B6F7E18796E9D00400328 /* jsl.default.conf */,
			);
			path = lint;
			sourceTree = "<group>";
		};
		494B6FA218796E9D00400328 /* css */ = {
			isa = PBXGroup;
			children = (
				49196E311F85417B00097E97 /* smoothness-1.12.1 */,
				494B6FB518796E9D00400328 /* raster-print.css */,
				494B6FB618796E9D00400328 /* raster.css */,
			);
			path = css;
			sourceTree = "<group>";
		};
		494B6FDA18796E9D00400328 /* public_group */ = {
			isa = PBXGroup;
			children = (
				494B6FDB18796E9D00400328 /* htaccess */,
				494B6FDC18796E9D00400328 /* index.php */,
				494B6FDD18796E9D00400328 /* share.php */,
				494B6FEA18796E9D00400328 /* sse_projmon.php */,
				493AA22E1A7419A9005DDFFB /* SharedProjects */,
			);
			path = public_group;
			sourceTree = "<group>";
		};
		494B6FEB18796E9D00400328 /* img */ = {
			isa = PBXGroup;
			children = (
				4997D9131F8A5DF200E3481A /* barB.png */,
				4997D9141F8A5DF300E3481A /* barC.png */,
				4997D9151F8A5DF300E3481A /* barCV.png */,
				4997D9161F8A5DF300E3481A /* barV.png */,
				498BB2B31A26231E00B12844 /* find.png */,
				499804E3187F29D10063E8C5 /* qm-hi.png */,
				499804E4187F29D10063E8C5 /* qm-lo.png */,
				491CD6D3187DA7600028B84D /* dropedit.png */,
				494B6FEC18796E9D00400328 /* blue */,
				494B6FF218796E9D00400328 /* disable.png */,
				494B6FF318796E9D00400328 /* dropdown.png */,
				494B6FF418796E9D00400328 /* green */,
				494B6FFA18796E9D00400328 /* grey */,
				494B700018796E9D00400328 /* info.png */,
				494B700118796E9D00400328 /* list.png */,
				494B700218796E9D00400328 /* nolabel.png */,
				494B700318796E9D00400328 /* none */,
				494B700918796E9D00400328 /* orange */,
				494B700F18796E9D00400328 /* purple */,
				494B701518796E9D00400328 /* Raster.png */,
				494B701618796E9D00400328 /* red */,
				494B701C18796E9D00400328 /* selected.png */,
				494B701D18796E9D00400328 /* tACTicon.png */,
				494B701E18796E9D00400328 /* tEQTicon.png */,
				491CD6CA187D97B60028B84D /* tNOTicon.png */,
				494B701F18796E9D00400328 /* tUNKicon.png */,
				494B702018796E9D00400328 /* tWLSicon.png */,
				494B702118796E9D00400328 /* tWRDicon.png */,
				494B702218796E9D00400328 /* warn.png */,
				494B702318796E9D00400328 /* yellow */,
			);
			path = img;
			sourceTree = "<group>";
		};
		494B6FEC18796E9D00400328 /* blue */ = {
			isa = PBXGroup;
			children = (
				491CD6CB187D97C90028B84D /* tNOT.png */,
				494B6FED18796E9D00400328 /* tACT.png */,
				494B6FEE18796E9D00400328 /* tEQT.png */,
				494B6FEF18796E9D00400328 /* tUNK.png */,
				494B6FF018796E9D00400328 /* tWLS.png */,
				494B6FF118796E9D00400328 /* tWRD.png */,
			);
			path = blue;
			sourceTree = "<group>";
		};
		494B6FF418796E9D00400328 /* green */ = {
			isa = PBXGroup;
			children = (
				491CD6CC187D97D00028B84D /* tNOT.png */,
				494B6FF518796E9D00400328 /* tACT.png */,
				494B6FF618796E9D00400328 /* tEQT.png */,
				494B6FF718796E9D00400328 /* tUNK.png */,
				494B6FF818796E9D00400328 /* tWLS.png */,
				494B6FF918796E9D00400328 /* tWRD.png */,
			);
			path = green;
			sourceTree = "<group>";
		};
		494B6FFA18796E9D00400328 /* grey */ = {
			isa = PBXGroup;
			children = (
				491CD6CD187D97D90028B84D /* tNOT.png */,
				494B6FFB18796E9D00400328 /* tACT.png */,
				494B6FFC18796E9D00400328 /* tEQT.png */,
				494B6FFD18796E9D00400328 /* tUNK.png */,
				494B6FFE18796E9D00400328 /* tWLS.png */,
				494B6FFF18796E9D00400328 /* tWRD.png */,
			);
			path = grey;
			sourceTree = "<group>";
		};
		494B700318796E9D00400328 /* none */ = {
			isa = PBXGroup;
			children = (
				491CD6CE187D97EA0028B84D /* tNOT.png */,
				494B700418796E9D00400328 /* tACT.png */,
				494B700518796E9D00400328 /* tEQT.png */,
				494B700618796E9D00400328 /* tUNK.png */,
				494B700718796E9D00400328 /* tWLS.png */,
				494B700818796E9D00400328 /* tWRD.png */,
			);
			path = none;
			sourceTree = "<group>";
		};
		494B700918796E9D00400328 /* orange */ = {
			isa = PBXGroup;
			children = (
				491CD6CF187D97F30028B84D /* tNOT.png */,
				494B700A18796E9D00400328 /* tACT.png */,
				494B700B18796E9D00400328 /* tEQT.png */,
				494B700C18796E9D00400328 /* tUNK.png */,
				494B700D18796E9D00400328 /* tWLS.png */,
				494B700E18796E9D00400328 /* tWRD.png */,
			);
			path = orange;
			sourceTree = "<group>";
		};
		494B700F18796E9D00400328 /* purple */ = {
			isa = PBXGroup;
			children = (
				491CD6D0187D97FC0028B84D /* tNOT.png */,
				494B701018796E9D00400328 /* tACT.png */,
				494B701118796E9D00400328 /* tEQT.png */,
				494B701218796E9D00400328 /* tUNK.png */,
				494B701318796E9D00400328 /* tWLS.png */,
				494B701418796E9D00400328 /* tWRD.png */,
			);
			path = purple;
			sourceTree = "<group>";
		};
		494B701618796E9D00400328 /* red */ = {
			isa = PBXGroup;
			children = (
				491CD6D1187D98070028B84D /* tNOT.png */,
				494B701718796E9D00400328 /* tACT.png */,
				494B701818796E9D00400328 /* tEQT.png */,
				494B701918796E9D00400328 /* tUNK.png */,
				494B701A18796E9D00400328 /* tWLS.png */,
				494B701B18796E9D00400328 /* tWRD.png */,
			);
			path = red;
			sourceTree = "<group>";
		};
		494B702318796E9D00400328 /* yellow */ = {
			isa = PBXGroup;
			children = (
				491CD6D2187D980F0028B84D /* tNOT.png */,
				494B702418796E9D00400328 /* tACT.png */,
				494B702518796E9D00400328 /* tEQT.png */,
				494B702618796E9D00400328 /* tUNK.png */,
				494B702718796E9D00400328 /* tWLS.png */,
				494B702818796E9D00400328 /* tWRD.png */,
			);
			path = yellow;
			sourceTree = "<group>";
		};
		4999EB431F8F284F009BBF18 /* standalone */ = {
			isa = PBXGroup;
			children = (
				4999EB6B1F900AA9009BBF18 /* standalone.html */,
				4999EB6C1F900BB2009BBF18 /* package.json */,
				4999EB6D1F900C07009BBF18 /* main.js */,
			);
			path = standalone;
			sourceTree = "<group>";
		};
		49E402C11F99383100978B5C /* electron.iconset */ = {
			isa = PBXGroup;
			children = (
				49E402B91F99381600978B5C /* icon_16x16.png */,
				49E402B71F99381600978B5C /* icon_16x16@2x.png */,
				49E402B81F99381600978B5C /* icon_32x32.png */,
				49E402BA1F99381600978B5C /* icon_32x32@2x.png */,
				49E402BB1F99381600978B5C /* icon_128x128.png */,
				49E402BF1F99381700978B5C /* icon_128x128@2x.png */,
				49E402B61F99381500978B5C /* icon_256x256.png */,
				49E402BC1F99381700978B5C /* icon_256x256@2x.png */,
				49E402BD1F99381700978B5C /* icon_512x512.png */,
				49E402BE1F99381700978B5C /* icon_512x512@2x.png */,
			);
			path = electron.iconset;
			sourceTree = "<group>";
		};
		49F279FA1F91DAD4003F360B /* common */ = {
			isa = PBXGroup;
			children = (
				494B6F6618796E9D00400328 /* js */,
				494B6FA218796E9D00400328 /* css */,
				494464AC1A2323990066BDE1 /* help */,
				494B6FEB18796E9D00400328 /* img */,
			);
			path = common;
			sourceTree = "<group>";
		};
		49F279FB1F91DB10003F360B /* server */ = {
			isa = PBXGroup;
			children = (
				4915A6341FA1141600B4B205 /* css */,
				49F27A011F91E472003F360B /* js */,
				494B702918796E9D00400328 /* share.inc */,
				494B6FA118796E9D00400328 /* sse_projmon.inc */,
				494B702C18796E9D00400328 /* index.html */,
			);
			path = server;
			sourceTree = "<group>";
		};
		49F279FC1F91DB17003F360B /* src */ = {
			isa = PBXGroup;
			children = (
				494B6F8A18796E9D00400328 /* index.inc */,
				49F27A001F91E15B003F360B /* server */,
				49F279FF1F91E14A003F360B /* standalone */,
				494B6F8118796E9D00400328 /* rasterMain.js */,
				494B6F7F18796E9D00400328 /* rasterComponent.js */,
				494B6F8218796E9D00400328 /* rasterNode.js */,
				494B6F8318796E9D00400328 /* rasterNodeCluster.js */,
				494B6F8418796E9D00400328 /* rasterPreferencesObject.js */,
				494B6F8518796E9D00400328 /* rasterProject.js */,
				494B6F8618796E9D00400328 /* rasterService.js */,
				494B6F8718796E9D00400328 /* rasterThreatEvaluation.js */,
			);
			path = src;
			sourceTree = "<group>";
		};
		49F279FD1F91DB23003F360B /* script */ = {
			isa = PBXGroup;
			children = (
				49E402C11F99383100978B5C /* electron.iconset */,
				49E402A91F99378B00978B5C /* RasterIcon.odg */,
				49E402A81F99378B00978B5C /* Untitled 1.odg */,
				4999EB4B1F8FEAAB009BBF18 /* preprocess-server.sh */,
				498BB2B91A2626AF00B12844 /* build_tgz.sh */,
				4999EB5F1F9004D0009BBF18 /* clean.sh */,
				4999EB651F9007CE009BBF18 /* build-electron-macos.sh */,
				4954ADED1F954398002A6FBC /* base.EN.dmg */,
				4912CBDE1F966ED700DF081C /* base.NL.dmg */,
				4915A6301FA0482800B4B205 /* raster.ico */,
				4915A6311FA049DD00B4B205 /* Raster.EN.nsis */,
				4915A6331FA113D900B4B205 /* Raster.NL.nsis */,
				4915A6321FA113D900B4B205 /* FileAssociation.nsh */,
				4915A62E1F9E819300B4B205 /* rcedit-x86.exe */,
				4999EB641F90074E009BBF18 /* electron-v1.7.9-darwin-x64.zip */,
				4954ADEE1F954581002A6FBC /* electron-v1.7.9-win32-ia32.zip */,
				494B6F7B18796E9D00400328 /* lint */,
			);
			path = script;
			sourceTree = "<group>";
		};
		49F279FE1F91DB3E003F360B /* doc */ = {
			isa = PBXGroup;
			children = (
				499A6BA01A72DC080047E182 /* LICENSE.md */,
				499A6B9F1A72D97A0047E182 /* README.md */,
				494B6F6718796E9D00400328 /* Bugs and Features.txt */,
				494B6F6818796E9D00400328 /* designAtomicActions.txt */,
				494B6F8818796E9D00400328 /* Testcase.txt */,
				494B6F7A18796E9D00400328 /* layout.odg */,
				49F6CFD81C3E5CA0005C96A7 /* Raster-EN-1.1.pdf */,
				49F6CFD91C3E5CA0005C96A7 /* Raster-NL-1.1.pdf */,
				4961E8B71C415CE60001FAE3 /* Raster-EN-1.1.epub */,
				4961E8B81C415CE60001FAE3 /* Raster-NL-1.1.epub */,
				494B702A18796E9D00400328 /* ReleaseNotes.txt */,
				49CD587F1F93922E00A9F17F /* Object data structure.txt */,
			);
			path = doc;
			sourceTree = "<group>";
		};
		49F279FF1F91E14A003F360B /* standalone */ = {
			isa = PBXGroup;
			children = (
				49CD587D1F92238E00A9F17F /* e-translation-NL.js */,
				49CD587E1F933CD600A9F17F /* e-translation-EN.js */,
			);
			path = standalone;
			sourceTree = "<group>";
		};
		49F27A001F91E15B003F360B /* server */ = {
			isa = PBXGroup;
			children = (
			);
			path = server;
			sourceTree = "<group>";
		};
		49F27A011F91E472003F360B /* js */ = {
			isa = PBXGroup;
			children = (
				494B6F6A18796E9D00400328 /* eventsource.js */,
			);
			path = js;
			sourceTree = "<group>";
		};
/* End PBXGroup section */

/* Begin PBXLegacyTarget section */
		4999EB521F8FEB7B009BBF18 /* Preprocess-server */ = {
			isa = PBXLegacyTarget;
			buildArgumentsString = "$(ACTION)";
			buildConfigurationList = 4999EB551F8FEB7B009BBF18 /* Build configuration list for PBXLegacyTarget "Preprocess-server" */;
			buildPhases = (
			);
			buildToolPath = "script/preprocess-server.sh";
			buildWorkingDirectory = "$(PROJECT_DIR)";
			dependencies = (
			);
			name = "Preprocess-server";
			passBuildSettingsInEnvironment = 0;
			productName = Lint;
		};
		4999EB601F900553009BBF18 /* Clean */ = {
			isa = PBXLegacyTarget;
			buildArgumentsString = "$(ACTION)";
			buildConfigurationList = 4999EB611F900553009BBF18 /* Build configuration list for PBXLegacyTarget "Clean" */;
			buildPhases = (
			);
			buildToolPath = script/clean.sh;
			buildWorkingDirectory = "$(PROJECT_DIR)";
			dependencies = (
			);
			name = Clean;
			passBuildSettingsInEnvironment = 1;
			productName = Lint;
		};
		4999EB661F9007E5009BBF18 /* Build Electron */ = {
			isa = PBXLegacyTarget;
			buildArgumentsString = "$(ACTION)";
			buildConfigurationList = 4999EB671F9007E5009BBF18 /* Build configuration list for PBXLegacyTarget "Build Electron" */;
			buildPhases = (
			);
			buildToolPath = "script/build-electron-macos.sh";
			buildWorkingDirectory = "$(PROJECT_DIR)";
			dependencies = (
			);
			name = "Build Electron";
			passBuildSettingsInEnvironment = 1;
			productName = Lint;
		};
		49BC2AFD1A262C3400EC5A9A /* CreateDistribution */ = {
			isa = PBXLegacyTarget;
			buildArgumentsString = "$(ACTION)";
			buildConfigurationList = 49BC2AFE1A262C3400EC5A9A /* Build configuration list for PBXLegacyTarget "CreateDistribution" */;
			buildPhases = (
			);
			buildToolPath = script/build_tgz.sh;
			buildWorkingDirectory = "$(PROJECT_DIR)";
			dependencies = (
			);
			name = CreateDistribution;
			passBuildSettingsInEnvironment = 1;
			productName = Lint;
		};
/* End PBXLegacyTarget section */

/* Begin PBXProject section */
		494B6F5F18796DD000400328 /* Project object */ = {
			isa = PBXProject;
			attributes = {
				KnownAssetTags = (
					New,
				);
				LastUpgradeCheck = 0820;
			};
			buildConfigurationList = 494B6F6218796DD000400328 /* Build configuration list for PBXProject "RasterTool" */;
			compatibilityVersion = "Xcode 3.2";
			developmentRegion = English;
			hasScannedForEncodings = 0;
			knownRegions = (
				en,
			);
			mainGroup = 494B6F5E18796DD000400328;
			projectDirPath = "";
			projectRoot = "";
			targets = (
				49BC2AFD1A262C3400EC5A9A /* CreateDistribution */,
				4999EB521F8FEB7B009BBF18 /* Preprocess-server */,
				4999EB601F900553009BBF18 /* Clean */,
				4999EB661F9007E5009BBF18 /* Build Electron */,
			);
		};
/* End PBXProject section */

/* Begin XCBuildConfiguration section */
		494B6F6318796DD000400328 /* Debug */ = {
			isa = XCBuildConfiguration;
			buildSettings = {
				ENABLE_TESTABILITY = YES;
				ONLY_ACTIVE_ARCH = YES;
			};
			name = Debug;
		};
		494B6F6418796DD000400328 /* Release */ = {
			isa = XCBuildConfiguration;
			buildSettings = {
			};
			name = Release;
		};
		4999EB561F8FEB7B009BBF18 /* Debug */ = {
			isa = XCBuildConfiguration;
			buildSettings = {
				ALWAYS_SEARCH_USER_PATHS = NO;
				CLANG_CXX_LANGUAGE_STANDARD = "gnu++0x";
				CLANG_CXX_LIBRARY = "libc++";
				CLANG_ENABLE_OBJC_ARC = YES;
				CLANG_WARN_BOOL_CONVERSION = YES;
				CLANG_WARN_CONSTANT_CONVERSION = YES;
				CLANG_WARN_DIRECT_OBJC_ISA_USAGE = YES_ERROR;
				CLANG_WARN_EMPTY_BODY = YES;
				CLANG_WARN_ENUM_CONVERSION = YES;
				CLANG_WARN_INT_CONVERSION = YES;
				CLANG_WARN_OBJC_ROOT_CLASS = YES_ERROR;
				CLANG_WARN__DUPLICATE_METHOD_MATCH = YES;
				COPY_PHASE_STRIP = NO;
				DEBUGGING_SYMBOLS = YES;
				GCC_C_LANGUAGE_STANDARD = gnu99;
				GCC_DYNAMIC_NO_PIC = NO;
				GCC_ENABLE_OBJC_EXCEPTIONS = YES;
				GCC_GENERATE_DEBUGGING_SYMBOLS = YES;
				GCC_OPTIMIZATION_LEVEL = 0;
				GCC_PREPROCESSOR_DEFINITIONS = (
					"DEBUG=1",
					"$(inherited)",
				);
				GCC_SYMBOLS_PRIVATE_EXTERN = NO;
				GCC_WARN_64_TO_32_BIT_CONVERSION = YES;
				GCC_WARN_ABOUT_RETURN_TYPE = YES_ERROR;
				GCC_WARN_UNDECLARED_SELECTOR = YES;
				GCC_WARN_UNINITIALIZED_AUTOS = YES;
				GCC_WARN_UNUSED_FUNCTION = YES;
				GCC_WARN_UNUSED_VARIABLE = YES;
				MACOSX_DEPLOYMENT_TARGET = 10.9;
				ONLY_ACTIVE_ARCH = YES;
				OTHER_CFLAGS = "";
				OTHER_LDFLAGS = "";
				PRODUCT_NAME = "$(TARGET_NAME)";
				SDKROOT = macosx;
			};
			name = Debug;
		};
		4999EB571F8FEB7B009BBF18 /* Release */ = {
			isa = XCBuildConfiguration;
			buildSettings = {
				ALWAYS_SEARCH_USER_PATHS = NO;
				CLANG_CXX_LANGUAGE_STANDARD = "gnu++0x";
				CLANG_CXX_LIBRARY = "libc++";
				CLANG_ENABLE_OBJC_ARC = YES;
				CLANG_WARN_BOOL_CONVERSION = YES;
				CLANG_WARN_CONSTANT_CONVERSION = YES;
				CLANG_WARN_DIRECT_OBJC_ISA_USAGE = YES_ERROR;
				CLANG_WARN_EMPTY_BODY = YES;
				CLANG_WARN_ENUM_CONVERSION = YES;
				CLANG_WARN_INT_CONVERSION = YES;
				CLANG_WARN_OBJC_ROOT_CLASS = YES_ERROR;
				CLANG_WARN__DUPLICATE_METHOD_MATCH = YES;
				COPY_PHASE_STRIP = YES;
				DEBUG_INFORMATION_FORMAT = "dwarf-with-dsym";
				ENABLE_NS_ASSERTIONS = NO;
				GCC_C_LANGUAGE_STANDARD = gnu99;
				GCC_ENABLE_OBJC_EXCEPTIONS = YES;
				GCC_WARN_64_TO_32_BIT_CONVERSION = YES;
				GCC_WARN_ABOUT_RETURN_TYPE = YES_ERROR;
				GCC_WARN_UNDECLARED_SELECTOR = YES;
				GCC_WARN_UNINITIALIZED_AUTOS = YES;
				GCC_WARN_UNUSED_FUNCTION = YES;
				GCC_WARN_UNUSED_VARIABLE = YES;
				MACOSX_DEPLOYMENT_TARGET = 10.9;
				OTHER_CFLAGS = "";
				OTHER_LDFLAGS = "";
				PRODUCT_NAME = "$(TARGET_NAME)";
				SDKROOT = macosx;
			};
			name = Release;
		};
		4999EB621F900553009BBF18 /* Debug */ = {
			isa = XCBuildConfiguration;
			buildSettings = {
				ALWAYS_SEARCH_USER_PATHS = NO;
				CLANG_CXX_LANGUAGE_STANDARD = "gnu++0x";
				CLANG_CXX_LIBRARY = "libc++";
				CLANG_ENABLE_OBJC_ARC = YES;
				CLANG_WARN_BOOL_CONVERSION = YES;
				CLANG_WARN_CONSTANT_CONVERSION = YES;
				CLANG_WARN_DIRECT_OBJC_ISA_USAGE = YES_ERROR;
				CLANG_WARN_EMPTY_BODY = YES;
				CLANG_WARN_ENUM_CONVERSION = YES;
				CLANG_WARN_INT_CONVERSION = YES;
				CLANG_WARN_OBJC_ROOT_CLASS = YES_ERROR;
				CLANG_WARN__DUPLICATE_METHOD_MATCH = YES;
				COPY_PHASE_STRIP = NO;
				DEBUGGING_SYMBOLS = YES;
				GCC_C_LANGUAGE_STANDARD = gnu99;
				GCC_DYNAMIC_NO_PIC = NO;
				GCC_ENABLE_OBJC_EXCEPTIONS = YES;
				GCC_GENERATE_DEBUGGING_SYMBOLS = YES;
				GCC_OPTIMIZATION_LEVEL = 0;
				GCC_PREPROCESSOR_DEFINITIONS = (
					"DEBUG=1",
					"$(inherited)",
				);
				GCC_SYMBOLS_PRIVATE_EXTERN = NO;
				GCC_WARN_64_TO_32_BIT_CONVERSION = YES;
				GCC_WARN_ABOUT_RETURN_TYPE = YES_ERROR;
				GCC_WARN_UNDECLARED_SELECTOR = YES;
				GCC_WARN_UNINITIALIZED_AUTOS = YES;
				GCC_WARN_UNUSED_FUNCTION = YES;
				GCC_WARN_UNUSED_VARIABLE = YES;
				MACOSX_DEPLOYMENT_TARGET = 10.9;
				ONLY_ACTIVE_ARCH = YES;
				OTHER_CFLAGS = "";
				OTHER_LDFLAGS = "";
				PRODUCT_NAME = "$(TARGET_NAME)";
				SDKROOT = macosx;
			};
			name = Debug;
		};
		4999EB631F900553009BBF18 /* Release */ = {
			isa = XCBuildConfiguration;
			buildSettings = {
				ALWAYS_SEARCH_USER_PATHS = NO;
				CLANG_CXX_LANGUAGE_STANDARD = "gnu++0x";
				CLANG_CXX_LIBRARY = "libc++";
				CLANG_ENABLE_OBJC_ARC = YES;
				CLANG_WARN_BOOL_CONVERSION = YES;
				CLANG_WARN_CONSTANT_CONVERSION = YES;
				CLANG_WARN_DIRECT_OBJC_ISA_USAGE = YES_ERROR;
				CLANG_WARN_EMPTY_BODY = YES;
				CLANG_WARN_ENUM_CONVERSION = YES;
				CLANG_WARN_INT_CONVERSION = YES;
				CLANG_WARN_OBJC_ROOT_CLASS = YES_ERROR;
				CLANG_WARN__DUPLICATE_METHOD_MATCH = YES;
				COPY_PHASE_STRIP = YES;
				DEBUG_INFORMATION_FORMAT = "dwarf-with-dsym";
				ENABLE_NS_ASSERTIONS = NO;
				GCC_C_LANGUAGE_STANDARD = gnu99;
				GCC_ENABLE_OBJC_EXCEPTIONS = YES;
				GCC_WARN_64_TO_32_BIT_CONVERSION = YES;
				GCC_WARN_ABOUT_RETURN_TYPE = YES_ERROR;
				GCC_WARN_UNDECLARED_SELECTOR = YES;
				GCC_WARN_UNINITIALIZED_AUTOS = YES;
				GCC_WARN_UNUSED_FUNCTION = YES;
				GCC_WARN_UNUSED_VARIABLE = YES;
				MACOSX_DEPLOYMENT_TARGET = 10.9;
				OTHER_CFLAGS = "";
				OTHER_LDFLAGS = "";
				PRODUCT_NAME = "$(TARGET_NAME)";
				SDKROOT = macosx;
			};
			name = Release;
		};
		4999EB681F9007E5009BBF18 /* Debug */ = {
			isa = XCBuildConfiguration;
			buildSettings = {
				ALWAYS_SEARCH_USER_PATHS = NO;
				CLANG_CXX_LANGUAGE_STANDARD = "gnu++0x";
				CLANG_CXX_LIBRARY = "libc++";
				CLANG_ENABLE_OBJC_ARC = YES;
				CLANG_WARN_BOOL_CONVERSION = YES;
				CLANG_WARN_CONSTANT_CONVERSION = YES;
				CLANG_WARN_DIRECT_OBJC_ISA_USAGE = YES_ERROR;
				CLANG_WARN_EMPTY_BODY = YES;
				CLANG_WARN_ENUM_CONVERSION = YES;
				CLANG_WARN_INT_CONVERSION = YES;
				CLANG_WARN_OBJC_ROOT_CLASS = YES_ERROR;
				CLANG_WARN__DUPLICATE_METHOD_MATCH = YES;
				COPY_PHASE_STRIP = NO;
				DEBUGGING_SYMBOLS = YES;
				GCC_C_LANGUAGE_STANDARD = gnu99;
				GCC_DYNAMIC_NO_PIC = NO;
				GCC_ENABLE_OBJC_EXCEPTIONS = YES;
				GCC_GENERATE_DEBUGGING_SYMBOLS = YES;
				GCC_OPTIMIZATION_LEVEL = 0;
				GCC_PREPROCESSOR_DEFINITIONS = (
					"DEBUG=1",
					"$(inherited)",
				);
				GCC_SYMBOLS_PRIVATE_EXTERN = NO;
				GCC_WARN_64_TO_32_BIT_CONVERSION = YES;
				GCC_WARN_ABOUT_RETURN_TYPE = YES_ERROR;
				GCC_WARN_UNDECLARED_SELECTOR = YES;
				GCC_WARN_UNINITIALIZED_AUTOS = YES;
				GCC_WARN_UNUSED_FUNCTION = YES;
				GCC_WARN_UNUSED_VARIABLE = YES;
				MACOSX_DEPLOYMENT_TARGET = 10.9;
				ONLY_ACTIVE_ARCH = YES;
				OTHER_CFLAGS = "";
				OTHER_LDFLAGS = "";
				PRODUCT_NAME = "$(TARGET_NAME)";
				SDKROOT = macosx;
			};
			name = Debug;
		};
		4999EB691F9007E5009BBF18 /* Release */ = {
			isa = XCBuildConfiguration;
			buildSettings = {
				ALWAYS_SEARCH_USER_PATHS = NO;
				CLANG_CXX_LANGUAGE_STANDARD = "gnu++0x";
				CLANG_CXX_LIBRARY = "libc++";
				CLANG_ENABLE_OBJC_ARC = YES;
				CLANG_WARN_BOOL_CONVERSION = YES;
				CLANG_WARN_CONSTANT_CONVERSION = YES;
				CLANG_WARN_DIRECT_OBJC_ISA_USAGE = YES_ERROR;
				CLANG_WARN_EMPTY_BODY = YES;
				CLANG_WARN_ENUM_CONVERSION = YES;
				CLANG_WARN_INT_CONVERSION = YES;
				CLANG_WARN_OBJC_ROOT_CLASS = YES_ERROR;
				CLANG_WARN__DUPLICATE_METHOD_MATCH = YES;
				COPY_PHASE_STRIP = YES;
				DEBUG_INFORMATION_FORMAT = "dwarf-with-dsym";
				ENABLE_NS_ASSERTIONS = NO;
				GCC_C_LANGUAGE_STANDARD = gnu99;
				GCC_ENABLE_OBJC_EXCEPTIONS = YES;
				GCC_WARN_64_TO_32_BIT_CONVERSION = YES;
				GCC_WARN_ABOUT_RETURN_TYPE = YES_ERROR;
				GCC_WARN_UNDECLARED_SELECTOR = YES;
				GCC_WARN_UNINITIALIZED_AUTOS = YES;
				GCC_WARN_UNUSED_FUNCTION = YES;
				GCC_WARN_UNUSED_VARIABLE = YES;
				MACOSX_DEPLOYMENT_TARGET = 10.9;
				OTHER_CFLAGS = "";
				OTHER_LDFLAGS = "";
				PRODUCT_NAME = "$(TARGET_NAME)";
				SDKROOT = macosx;
			};
			name = Release;
		};
		49BC2AFF1A262C3400EC5A9A /* Debug */ = {
			isa = XCBuildConfiguration;
			buildSettings = {
				ALWAYS_SEARCH_USER_PATHS = NO;
				CLANG_CXX_LANGUAGE_STANDARD = "gnu++0x";
				CLANG_CXX_LIBRARY = "libc++";
				CLANG_ENABLE_OBJC_ARC = YES;
				CLANG_WARN_BOOL_CONVERSION = YES;
				CLANG_WARN_CONSTANT_CONVERSION = YES;
				CLANG_WARN_DIRECT_OBJC_ISA_USAGE = YES_ERROR;
				CLANG_WARN_EMPTY_BODY = YES;
				CLANG_WARN_ENUM_CONVERSION = YES;
				CLANG_WARN_INT_CONVERSION = YES;
				CLANG_WARN_OBJC_ROOT_CLASS = YES_ERROR;
				CLANG_WARN__DUPLICATE_METHOD_MATCH = YES;
				COPY_PHASE_STRIP = NO;
				DEBUGGING_SYMBOLS = YES;
				GCC_C_LANGUAGE_STANDARD = gnu99;
				GCC_DYNAMIC_NO_PIC = NO;
				GCC_ENABLE_OBJC_EXCEPTIONS = YES;
				GCC_GENERATE_DEBUGGING_SYMBOLS = YES;
				GCC_OPTIMIZATION_LEVEL = 0;
				GCC_PREPROCESSOR_DEFINITIONS = (
					"DEBUG=1",
					"$(inherited)",
				);
				GCC_SYMBOLS_PRIVATE_EXTERN = NO;
				GCC_WARN_64_TO_32_BIT_CONVERSION = YES;
				GCC_WARN_ABOUT_RETURN_TYPE = YES_ERROR;
				GCC_WARN_UNDECLARED_SELECTOR = YES;
				GCC_WARN_UNINITIALIZED_AUTOS = YES;
				GCC_WARN_UNUSED_FUNCTION = YES;
				GCC_WARN_UNUSED_VARIABLE = YES;
				MACOSX_DEPLOYMENT_TARGET = 10.9;
				ONLY_ACTIVE_ARCH = YES;
				OTHER_CFLAGS = "";
				OTHER_LDFLAGS = "";
				PRODUCT_NAME = "Lint copy";
				SDKROOT = macosx;
			};
			name = Debug;
		};
		49BC2B001A262C3400EC5A9A /* Release */ = {
			isa = XCBuildConfiguration;
			buildSettings = {
				ALWAYS_SEARCH_USER_PATHS = NO;
				CLANG_CXX_LANGUAGE_STANDARD = "gnu++0x";
				CLANG_CXX_LIBRARY = "libc++";
				CLANG_ENABLE_OBJC_ARC = YES;
				CLANG_WARN_BOOL_CONVERSION = YES;
				CLANG_WARN_CONSTANT_CONVERSION = YES;
				CLANG_WARN_DIRECT_OBJC_ISA_USAGE = YES_ERROR;
				CLANG_WARN_EMPTY_BODY = YES;
				CLANG_WARN_ENUM_CONVERSION = YES;
				CLANG_WARN_INT_CONVERSION = YES;
				CLANG_WARN_OBJC_ROOT_CLASS = YES_ERROR;
				CLANG_WARN__DUPLICATE_METHOD_MATCH = YES;
				COPY_PHASE_STRIP = YES;
				DEBUG_INFORMATION_FORMAT = "dwarf-with-dsym";
				ENABLE_NS_ASSERTIONS = NO;
				GCC_C_LANGUAGE_STANDARD = gnu99;
				GCC_ENABLE_OBJC_EXCEPTIONS = YES;
				GCC_WARN_64_TO_32_BIT_CONVERSION = YES;
				GCC_WARN_ABOUT_RETURN_TYPE = YES_ERROR;
				GCC_WARN_UNDECLARED_SELECTOR = YES;
				GCC_WARN_UNINITIALIZED_AUTOS = YES;
				GCC_WARN_UNUSED_FUNCTION = YES;
				GCC_WARN_UNUSED_VARIABLE = YES;
				MACOSX_DEPLOYMENT_TARGET = 10.9;
				OTHER_CFLAGS = "";
				OTHER_LDFLAGS = "";
				PRODUCT_NAME = "Lint copy";
				SDKROOT = macosx;
			};
			name = Release;
		};
/* End XCBuildConfiguration section */

/* Begin XCConfigurationList section */
		494B6F6218796DD000400328 /* Build configuration list for PBXProject "RasterTool" */ = {
			isa = XCConfigurationList;
			buildConfigurations = (
				494B6F6318796DD000400328 /* Debug */,
				494B6F6418796DD000400328 /* Release */,
			);
			defaultConfigurationIsVisible = 0;
			defaultConfigurationName = Release;
		};
		4999EB551F8FEB7B009BBF18 /* Build configuration list for PBXLegacyTarget "Preprocess-server" */ = {
			isa = XCConfigurationList;
			buildConfigurations = (
				4999EB561F8FEB7B009BBF18 /* Debug */,
				4999EB571F8FEB7B009BBF18 /* Release */,
			);
			defaultConfigurationIsVisible = 0;
			defaultConfigurationName = Release;
		};
		4999EB611F900553009BBF18 /* Build configuration list for PBXLegacyTarget "Clean" */ = {
			isa = XCConfigurationList;
			buildConfigurations = (
				4999EB621F900553009BBF18 /* Debug */,
				4999EB631F900553009BBF18 /* Release */,
			);
			defaultConfigurationIsVisible = 0;
			defaultConfigurationName = Release;
		};
		4999EB671F9007E5009BBF18 /* Build configuration list for PBXLegacyTarget "Build Electron" */ = {
			isa = XCConfigurationList;
			buildConfigurations = (
				4999EB681F9007E5009BBF18 /* Debug */,
				4999EB691F9007E5009BBF18 /* Release */,
			);
			defaultConfigurationIsVisible = 0;
			defaultConfigurationName = Release;
		};
		49BC2AFE1A262C3400EC5A9A /* Build configuration list for PBXLegacyTarget "CreateDistribution" */ = {
			isa = XCConfigurationList;
			buildConfigurations = (
				49BC2AFF1A262C3400EC5A9A /* Debug */,
				49BC2B001A262C3400EC5A9A /* Release */,
			);
			defaultConfigurationIsVisible = 0;
			defaultConfigurationName = Release;
		};
/* End XCConfigurationList section */
	};
	rootObject = 494B6F5F18796DD000400328 /* Project object */;
}
