// !$*UTF8*$!
{
	archiveVersion = 1;
	classes = {
	};
	objectVersion = 46;
	objects = {

/* Begin PBXFileReference section */
		4915A62E1F9E819300B4B205 /* rcedit-x86.exe */ = {isa = PBXFileReference; lastKnownFileType = file; path = "rcedit-x86.exe"; sourceTree = "<group>"; };
		4915A6301FA0482800B4B205 /* raster.ico */ = {isa = PBXFileReference; lastKnownFileType = image.ico; path = raster.ico; sourceTree = "<group>"; };
		4915A6311FA049DD00B4B205 /* Raster.EN.nsis */ = {isa = PBXFileReference; explicitFileType = text; fileEncoding = 4; path = Raster.EN.nsis; sourceTree = "<group>"; };
		4915A6321FA113D900B4B205 /* FileAssociation.nsh */ = {isa = PBXFileReference; fileEncoding = 4; lastKnownFileType = text; name = FileAssociation.nsh; path = script/FileAssociation.nsh; sourceTree = SOURCE_ROOT; };
		4915A6331FA113D900B4B205 /* Raster.NL.nsis */ = {isa = PBXFileReference; explicitFileType = text; fileEncoding = 4; name = Raster.NL.nsis; path = script/Raster.NL.nsis; sourceTree = SOURCE_ROOT; };
		4915A6361FA116CF00B4B205 /* fillcache.sh */ = {isa = PBXFileReference; lastKnownFileType = text.script.sh; path = fillcache.sh; sourceTree = "<group>"; };
		4915A6371FA1178D00B4B205 /* Versions.sh */ = {isa = PBXFileReference; lastKnownFileType = text.script.sh; path = Versions.sh; sourceTree = "<group>"; };
		4915A63D1FA126E600B4B205 /* nsis.zip */ = {isa = PBXFileReference; lastKnownFileType = archive.zip; path = nsis.zip; sourceTree = "<group>"; };
		491735622754076B008967A2 /* jquery-ui-1.13.0.min.js */ = {isa = PBXFileReference; lastKnownFileType = sourcecode.javascript; path = "jquery-ui-1.13.0.min.js"; sourceTree = "<group>"; };
		4917356927540849008967A2 /* jquery-3.6.0.min.js */ = {isa = PBXFileReference; fileEncoding = 4; lastKnownFileType = sourcecode.javascript; path = "jquery-3.6.0.min.js"; sourceTree = "<group>"; };
		4918F0BE1FBEBF13008A6208 /* build and Install.md */ = {isa = PBXFileReference; lastKnownFileType = net.daringfireball.markdown; path = "build and Install.md"; sourceTree = "<group>"; };
		491CD6D3187DA7600028B84D /* dropedit.png */ = {isa = PBXFileReference; lastKnownFileType = image.png; path = dropedit.png; sourceTree = "<group>"; };
		492038FE276547590067A740 /* export_p.png */ = {isa = PBXFileReference; lastKnownFileType = image.png; path = export_p.png; sourceTree = "<group>"; };
		492038FF276547590067A740 /* import_p.png */ = {isa = PBXFileReference; lastKnownFileType = image.png; path = import_p.png; sourceTree = "<group>"; };
		49203900276547590067A740 /* new_p.png */ = {isa = PBXFileReference; lastKnownFileType = image.png; path = new_p.png; sourceTree = "<group>"; };
		4920390227669ADB0067A740 /* del_p.png */ = {isa = PBXFileReference; lastKnownFileType = image.png; path = del_p.png; sourceTree = "<group>"; };
		4920390327669ADB0067A740 /* merge_p.png */ = {isa = PBXFileReference; lastKnownFileType = image.png; path = merge_p.png; sourceTree = "<group>"; };
		4920390527669ADB0067A740 /* activate_p.png */ = {isa = PBXFileReference; lastKnownFileType = image.png; path = activate_p.png; sourceTree = "<group>"; };
		492431532742F79C00FA02BE /* rasterVulnerability.js */ = {isa = PBXFileReference; lastKnownFileType = sourcecode.javascript; path = rasterVulnerability.js; sourceTree = "<group>"; };
		4931606627511F1400F41FBC /* rasterIterators.js */ = {isa = PBXFileReference; lastKnownFileType = sourcecode.javascript; path = rasterIterators.js; sourceTree = "<group>"; };
		49367207275ADDCA00B4F351 /* cpaste.png */ = {isa = PBXFileReference; lastKnownFileType = image.png; path = cpaste.png; sourceTree = "<group>"; };
		49367208275ADDCA00B4F351 /* ccopy.png */ = {isa = PBXFileReference; lastKnownFileType = image.png; path = ccopy.png; sourceTree = "<group>"; };
		4938942D239C0FA300C3E2A5 /* _lang.bat */ = {isa = PBXFileReference; lastKnownFileType = text; path = _lang.bat; sourceTree = "<group>"; };
		493AA22F1A7419A9005DDFFB /* README.md */ = {isa = PBXFileReference; lastKnownFileType = net.daringfireball.markdown; path = README.md; sourceTree = "<group>"; };
		4943444A203A026600043E80 /* jquery-ui.min.css */ = {isa = PBXFileReference; fileEncoding = 4; lastKnownFileType = text.css; path = "jquery-ui.min.css"; sourceTree = "<group>"; };
		494464AD1A2323990066BDE1 /* About.html */ = {isa = PBXFileReference; fileEncoding = 4; lastKnownFileType = text.html; path = About.html; sourceTree = "<group>"; };
		494464AE1A2323990066BDE1 /* Frequency.html */ = {isa = PBXFileReference; fileEncoding = 4; lastKnownFileType = text.html; path = Frequency.html; sourceTree = "<group>"; };
		494464AF1A2323990066BDE1 /* Impact.html */ = {isa = PBXFileReference; fileEncoding = 4; lastKnownFileType = text.html; path = Impact.html; sourceTree = "<group>"; };
		494464B01A2323990066BDE1 /* Process.html */ = {isa = PBXFileReference; fileEncoding = 4; lastKnownFileType = text.html; path = Process.html; sourceTree = "<group>"; };
		494464B51A2324D40066BDE1 /* Process-nl.html */ = {isa = PBXFileReference; fileEncoding = 4; lastKnownFileType = text.html; path = "Process-nl.html"; sourceTree = "<group>"; };
		494464B61A2324D40066BDE1 /* Frequency-nl.html */ = {isa = PBXFileReference; fileEncoding = 4; lastKnownFileType = text.html; path = "Frequency-nl.html"; sourceTree = "<group>"; };
		494464B71A2324D40066BDE1 /* Impact-nl.html */ = {isa = PBXFileReference; fileEncoding = 4; lastKnownFileType = text.html; path = "Impact-nl.html"; sourceTree = "<group>"; };
		494464B81A2324D40066BDE1 /* About-nl.html */ = {isa = PBXFileReference; fileEncoding = 4; lastKnownFileType = text.html; path = "About-nl.html"; sourceTree = "<group>"; };
		494AF84D1FA3BCBF00356A28 /* 7z.zip */ = {isa = PBXFileReference; lastKnownFileType = archive.zip; path = 7z.zip; sourceTree = "<group>"; };
		494AF84E1FA48AA100356A28 /* installraster.ico */ = {isa = PBXFileReference; lastKnownFileType = image.ico; name = installraster.ico; path = script/installraster.ico; sourceTree = SOURCE_ROOT; };
		494B6F6718796E9D00400328 /* Bugs and Features.txt */ = {isa = PBXFileReference; lastKnownFileType = text; path = "Bugs and Features.txt"; sourceTree = "<group>"; };
		494B6F6818796E9D00400328 /* designAtomicActions.txt */ = {isa = PBXFileReference; lastKnownFileType = text; path = designAtomicActions.txt; sourceTree = "<group>"; };
		494B6F6918796E9D00400328 /* encodedecode.js */ = {isa = PBXFileReference; lastKnownFileType = sourcecode.javascript; path = encodedecode.js; sourceTree = "<group>"; };
		494B6F6F18796E9D00400328 /* jquery.editinplace-2.2.1.js */ = {isa = PBXFileReference; lastKnownFileType = sourcecode.javascript; path = "jquery.editinplace-2.2.1.js"; sourceTree = "<group>"; };
		494B6F7F18796E9D00400328 /* rasterComponent.js */ = {isa = PBXFileReference; lastKnownFileType = sourcecode.javascript; path = rasterComponent.js; sourceTree = "<group>"; wrapsLines = 0; };
		494B6F8118796E9D00400328 /* rasterMain.js */ = {isa = PBXFileReference; explicitFileType = sourcecode.javascript; fileEncoding = 4; path = rasterMain.js; sourceTree = "<group>"; xcLanguageSpecificationIdentifier = xcode.lang.javascript; };
		494B6F8218796E9D00400328 /* rasterNode.js */ = {isa = PBXFileReference; lastKnownFileType = sourcecode.javascript; path = rasterNode.js; sourceTree = "<group>"; };
		494B6F8318796E9D00400328 /* rasterNodeCluster.js */ = {isa = PBXFileReference; lastKnownFileType = sourcecode.javascript; path = rasterNodeCluster.js; sourceTree = "<group>"; };
		494B6F8418796E9D00400328 /* rasterPreferencesObject.js */ = {isa = PBXFileReference; lastKnownFileType = sourcecode.javascript; path = rasterPreferencesObject.js; sourceTree = "<group>"; };
		494B6F8518796E9D00400328 /* rasterProject.js */ = {isa = PBXFileReference; lastKnownFileType = sourcecode.javascript; path = rasterProject.js; sourceTree = "<group>"; };
		494B6F8618796E9D00400328 /* rasterService.js */ = {isa = PBXFileReference; lastKnownFileType = sourcecode.javascript; path = rasterService.js; sourceTree = "<group>"; };
		494B6F8718796E9D00400328 /* rasterAssessment.js */ = {isa = PBXFileReference; lastKnownFileType = sourcecode.javascript; path = rasterAssessment.js; sourceTree = "<group>"; };
		494B6F8818796E9D00400328 /* testcase.txt */ = {isa = PBXFileReference; lastKnownFileType = text; path = testcase.txt; sourceTree = "<group>"; };
		494B6F8A18796E9D00400328 /* index.inc */ = {isa = PBXFileReference; explicitFileType = text.html.documentation; path = index.inc; sourceTree = "<group>"; };
		494B6FA118796E9D00400328 /* sse_projmon.inc */ = {isa = PBXFileReference; explicitFileType = text.script.php; path = sse_projmon.inc; sourceTree = "<group>"; };
		494B6FB518796E9D00400328 /* raster-print.css */ = {isa = PBXFileReference; lastKnownFileType = text.css; path = "raster-print.css"; sourceTree = "<group>"; };
		494B6FB618796E9D00400328 /* raster.css */ = {isa = PBXFileReference; lastKnownFileType = text.css; path = raster.css; sourceTree = "<group>"; };
		494B6FDB18796E9D00400328 /* htaccess */ = {isa = PBXFileReference; lastKnownFileType = text; path = htaccess; sourceTree = "<group>"; };
		494B6FDC18796E9D00400328 /* index.php */ = {isa = PBXFileReference; lastKnownFileType = text.script.php; path = index.php; sourceTree = "<group>"; };
		494B6FDD18796E9D00400328 /* share.php */ = {isa = PBXFileReference; lastKnownFileType = text.script.php; path = share.php; sourceTree = "<group>"; };
		494B6FEA18796E9D00400328 /* sse_projmon.php */ = {isa = PBXFileReference; lastKnownFileType = text.script.php; path = sse_projmon.php; sourceTree = "<group>"; };
		494B6FF318796E9D00400328 /* dropdown.png */ = {isa = PBXFileReference; lastKnownFileType = image.png; path = dropdown.png; sourceTree = "<group>"; };
		494B700218796E9D00400328 /* nolabel.png */ = {isa = PBXFileReference; lastKnownFileType = image.png; path = nolabel.png; sourceTree = "<group>"; };
		494B701518796E9D00400328 /* Raster.png */ = {isa = PBXFileReference; lastKnownFileType = image.png; path = Raster.png; sourceTree = "<group>"; };
		494B702218796E9D00400328 /* warn.png */ = {isa = PBXFileReference; lastKnownFileType = image.png; path = warn.png; sourceTree = "<group>"; };
		494B702918796E9D00400328 /* share.inc */ = {isa = PBXFileReference; explicitFileType = text.script.php; path = share.inc; sourceTree = "<group>"; };
		494B702A18796E9D00400328 /* ReleaseNotes.txt */ = {isa = PBXFileReference; lastKnownFileType = text; path = ReleaseNotes.txt; sourceTree = "<group>"; };
		494B702C18796E9D00400328 /* index.html */ = {isa = PBXFileReference; lastKnownFileType = text.html; path = index.html; sourceTree = "<group>"; };
		495E762623B4E37000C1F367 /* iconset */ = {isa = PBXFileReference; lastKnownFileType = folder; path = iconset; sourceTree = "<group>"; };
		496A429C27555845005BA08F /* images */ = {isa = PBXFileReference; lastKnownFileType = folder; path = images; sourceTree = "<group>"; };
		496A429D27558381005BA08F /* paper.png */ = {isa = PBXFileReference; lastKnownFileType = image.png; path = paper.png; sourceTree = "<group>"; };
		496AB70C2773561300DEB5A2 /* tNOTicon.png */ = {isa = PBXFileReference; lastKnownFileType = image.png; path = tNOTicon.png; sourceTree = "<group>"; };
		496C1508233E95BF00769318 /* jsplumb-2.12.0.min.js */ = {isa = PBXFileReference; fileEncoding = 4; lastKnownFileType = sourcecode.javascript; path = "jsplumb-2.12.0.min.js"; sourceTree = "<group>"; };
		49797D0923B8B54800D01C97 /* find.png */ = {isa = PBXFileReference; lastKnownFileType = image.png; path = find.png; sourceTree = "<group>"; };
		4997D9131F8A5DF200E3481A /* barB.png */ = {isa = PBXFileReference; lastKnownFileType = image.png; path = barB.png; sourceTree = "<group>"; };
		4997D9141F8A5DF300E3481A /* barC.png */ = {isa = PBXFileReference; lastKnownFileType = image.png; path = barC.png; sourceTree = "<group>"; };
		4997D9151F8A5DF300E3481A /* barCV.png */ = {isa = PBXFileReference; lastKnownFileType = image.png; path = barCV.png; sourceTree = "<group>"; };
		4997D9161F8A5DF300E3481A /* barV.png */ = {isa = PBXFileReference; lastKnownFileType = image.png; path = barV.png; sourceTree = "<group>"; };
		499804E3187F29D10063E8C5 /* qm.png */ = {isa = PBXFileReference; lastKnownFileType = image.png; path = qm.png; sourceTree = "<group>"; };
		4999EB4B1F8FEAAB009BBF18 /* build-server.sh */ = {isa = PBXFileReference; fileEncoding = 4; lastKnownFileType = text.script.sh; path = "build-server.sh"; sourceTree = "<group>"; };
		4999EB5F1F9004D0009BBF18 /* clean.sh */ = {isa = PBXFileReference; fileEncoding = 4; lastKnownFileType = text.script.sh; path = clean.sh; sourceTree = "<group>"; };
		4999EB651F9007CE009BBF18 /* build-electron.sh */ = {isa = PBXFileReference; fileEncoding = 4; lastKnownFileType = text.script.sh; path = "build-electron.sh"; sourceTree = "<group>"; };
		4999EB6B1F900AA9009BBF18 /* standalone.html */ = {isa = PBXFileReference; fileEncoding = 4; lastKnownFileType = text.html; path = standalone.html; sourceTree = "<group>"; };
		4999EB6D1F900C07009BBF18 /* main.js */ = {isa = PBXFileReference; explicitFileType = sourcecode.javascript; path = main.js; sourceTree = "<group>"; };
		499A6B9F1A72D97A0047E182 /* README.md */ = {isa = PBXFileReference; fileEncoding = 4; lastKnownFileType = net.daringfireball.markdown; path = README.md; sourceTree = "<group>"; };
		499A6BA01A72DC080047E182 /* LICENSE.md */ = {isa = PBXFileReference; fileEncoding = 4; lastKnownFileType = net.daringfireball.markdown; path = LICENSE.md; sourceTree = "<group>"; };
		49ADB675276A8CB300A99B47 /* duplicate_p.png */ = {isa = PBXFileReference; lastKnownFileType = image.png; path = duplicate_p.png; sourceTree = "<group>"; };
		49ADB676276BE41000A99B47 /* checktranslation.sh */ = {isa = PBXFileReference; lastKnownFileType = text.script.sh; path = checktranslation.sh; sourceTree = "<group>"; };
		49ADB677276CF02300A99B47 /* installbg_EN.png */ = {isa = PBXFileReference; lastKnownFileType = image.png; path = installbg_EN.png; sourceTree = "<group>"; };
		49ADB678276CF02300A99B47 /* installbg_NL.png */ = {isa = PBXFileReference; lastKnownFileType = image.png; path = installbg_NL.png; sourceTree = "<group>"; };
		49ADB679276D30E700A99B47 /* fix-the-disk-image.applescript */ = {isa = PBXFileReference; lastKnownFileType = sourcecode.applescript; path = "fix-the-disk-image.applescript"; sourceTree = "<group>"; };
		49ADB67B276E7BFB00A99B47 /* props_p.png */ = {isa = PBXFileReference; lastKnownFileType = image.png; path = props_p.png; sourceTree = "<group>"; };
		49ADB67C277066D400A99B47 /* icons.odg */ = {isa = PBXFileReference; lastKnownFileType = file; path = icons.odg; sourceTree = "<group>"; };
		49ADB67D2770673B00A99B47 /* filepp-1.8.0.tar.gz */ = {isa = PBXFileReference; lastKnownFileType = archive.gzip; path = "filepp-1.8.0.tar.gz"; sourceTree = "<group>"; };
		49ADD30023CA0B5C003BE3D4 /* rasterTransaction.js */ = {isa = PBXFileReference; explicitFileType = sourcecode.javascript; path = rasterTransaction.js; sourceTree = "<group>"; };
		49AE7CC62378595A00F12B9D /* winbuild.bat */ = {isa = PBXFileReference; fileEncoding = 4; lastKnownFileType = text; path = winbuild.bat; sourceTree = "<group>"; };
		49BEE0DE23C1F90E00AC17F7 /* group.json */ = {isa = PBXFileReference; lastKnownFileType = text.json; path = group.json; sourceTree = "<group>"; };
		49BEE0DF23C1FA4800AC17F7 /* README.md */ = {isa = PBXFileReference; lastKnownFileType = net.daringfireball.markdown; path = README.md; sourceTree = "<group>"; };
		49CA255E23CB3A32002F7B74 /* redo.png */ = {isa = PBXFileReference; lastKnownFileType = image.png; path = redo.png; sourceTree = "<group>"; };
		49CA255F23CB3A32002F7B74 /* undo.png */ = {isa = PBXFileReference; lastKnownFileType = image.png; path = undo.png; sourceTree = "<group>"; };
		49CD587D1F92238E00A9F17F /* e-translation-NL.js */ = {isa = PBXFileReference; lastKnownFileType = sourcecode.javascript; path = "e-translation-NL.js"; sourceTree = "<group>"; };
		49CD587E1F933CD600A9F17F /* e-translation-EN.js */ = {isa = PBXFileReference; fileEncoding = 4; lastKnownFileType = sourcecode.javascript; path = "e-translation-EN.js"; sourceTree = "<group>"; };
		49D256041A1E87BF00102918 /* jquery.localisation.js */ = {isa = PBXFileReference; fileEncoding = 4; lastKnownFileType = sourcecode.javascript; path = jquery.localisation.js; sourceTree = "<group>"; };
		49D256061A1E88A200102918 /* translation-nl.js */ = {isa = PBXFileReference; fileEncoding = 4; lastKnownFileType = sourcecode.javascript; path = "translation-nl.js"; sourceTree = "<group>"; };
		49E402A91F99378B00978B5C /* RasterIcon.odg */ = {isa = PBXFileReference; lastKnownFileType = file; path = RasterIcon.odg; sourceTree = "<group>"; };
		49E402B61F99381500978B5C /* icon_256x256.png */ = {isa = PBXFileReference; lastKnownFileType = image.png; path = icon_256x256.png; sourceTree = "<group>"; };
		49E402B71F99381600978B5C /* icon_16x16@2x.png */ = {isa = PBXFileReference; lastKnownFileType = image.png; path = "icon_16x16@2x.png"; sourceTree = "<group>"; };
		49E402B81F99381600978B5C /* icon_32x32.png */ = {isa = PBXFileReference; lastKnownFileType = image.png; path = icon_32x32.png; sourceTree = "<group>"; };
		49E402B91F99381600978B5C /* icon_16x16.png */ = {isa = PBXFileReference; lastKnownFileType = image.png; path = icon_16x16.png; sourceTree = "<group>"; };
		49E402BA1F99381600978B5C /* icon_32x32@2x.png */ = {isa = PBXFileReference; lastKnownFileType = image.png; path = "icon_32x32@2x.png"; sourceTree = "<group>"; };
		49E402BB1F99381600978B5C /* icon_128x128.png */ = {isa = PBXFileReference; lastKnownFileType = image.png; path = icon_128x128.png; sourceTree = "<group>"; };
		49E402BC1F99381700978B5C /* icon_256x256@2x.png */ = {isa = PBXFileReference; lastKnownFileType = image.png; path = "icon_256x256@2x.png"; sourceTree = "<group>"; };
		49E402BD1F99381700978B5C /* icon_512x512.png */ = {isa = PBXFileReference; lastKnownFileType = image.png; path = icon_512x512.png; sourceTree = "<group>"; };
		49E402BE1F99381700978B5C /* icon_512x512@2x.png */ = {isa = PBXFileReference; lastKnownFileType = image.png; path = "icon_512x512@2x.png"; sourceTree = "<group>"; };
		49E402BF1F99381700978B5C /* icon_128x128@2x.png */ = {isa = PBXFileReference; lastKnownFileType = image.png; path = "icon_128x128@2x.png"; sourceTree = "<group>"; };
		49E9F769277BAF1E0010889C /* Shortcuts.html */ = {isa = PBXFileReference; lastKnownFileType = text.html; path = Shortcuts.html; sourceTree = "<group>"; };
		49E9F76A277BAF1E0010889C /* Shortcuts-nl.html */ = {isa = PBXFileReference; lastKnownFileType = text.html; path = "Shortcuts-nl.html"; sourceTree = "<group>"; };
		49F29A2620420DEC002A2E1E /* hint.png */ = {isa = PBXFileReference; lastKnownFileType = image.png; path = hint.png; sourceTree = "<group>"; };
		49F827AA2351B37A00EAE982 /* eslintrc */ = {isa = PBXFileReference; fileEncoding = 4; lastKnownFileType = text; path = eslintrc; sourceTree = "<group>"; };
		49F827AB2351CF7600EAE982 /* eslint-xcode-format.js */ = {isa = PBXFileReference; fileEncoding = 4; lastKnownFileType = sourcecode.javascript; path = "eslint-xcode-format.js"; sourceTree = "<group>"; };
		49FD71BD2776562A00041524 /* object data structures.txt */ = {isa = PBXFileReference; lastKnownFileType = text; path = "object data structures.txt"; sourceTree = "<group>"; };
/* End PBXFileReference section */

/* Begin PBXGroup section */
		493AA22E1A7419A9005DDFFB /* SharedProjects */ = {
			isa = PBXGroup;
			children = (
				493AA22F1A7419A9005DDFFB /* README.md */,
			);
			path = SharedProjects;
			sourceTree = "<group>";
		};
		49434449203A026600043E80 /* theme */ = {
			isa = PBXGroup;
			children = (
				496A429C27555845005BA08F /* images */,
				4943444A203A026600043E80 /* jquery-ui.min.css */,
			);
			path = theme;
			sourceTree = "<group>";
		};
		494464AC1A2323990066BDE1 /* help */ = {
			isa = PBXGroup;
			children = (
				49E9F76A277BAF1E0010889C /* Shortcuts-nl.html */,
				49E9F769277BAF1E0010889C /* Shortcuts.html */,
				494464AE1A2323990066BDE1 /* Frequency.html */,
				494464B61A2324D40066BDE1 /* Frequency-nl.html */,
				494464AF1A2323990066BDE1 /* Impact.html */,
				494464B71A2324D40066BDE1 /* Impact-nl.html */,
				494464B01A2323990066BDE1 /* Process.html */,
				494464B51A2324D40066BDE1 /* Process-nl.html */,
				494464AD1A2323990066BDE1 /* About.html */,
				494464B81A2324D40066BDE1 /* About-nl.html */,
			);
			path = help;
			sourceTree = "<group>";
		};
		494B6F5E18796DD000400328 = {
			isa = PBXGroup;
			children = (
				499A6B9F1A72D97A0047E182 /* README.md */,
				49F279FE1F91DB3E003F360B /* doc */,
				49F279FD1F91DB23003F360B /* script */,
				49F279FC1F91DB17003F360B /* src */,
				49F279FB1F91DB10003F360B /* server */,
				494B6FDA18796E9D00400328 /* public_group */,
				49F279FA1F91DAD4003F360B /* common */,
				4999EB431F8F284F009BBF18 /* standalone */,
			);
			sourceTree = "<group>";
			usesTabs = 1;
			wrapsLines = 0;
		};
		494B6F6618796E9D00400328 /* js */ = {
			isa = PBXGroup;
			children = (
				4917356927540849008967A2 /* jquery-3.6.0.min.js */,
				491735622754076B008967A2 /* jquery-ui-1.13.0.min.js */,
				496C1508233E95BF00769318 /* jsplumb-2.12.0.min.js */,
				494B6F6918796E9D00400328 /* encodedecode.js */,
				49D256041A1E87BF00102918 /* jquery.localisation.js */,
				494B6F6F18796E9D00400328 /* jquery.editinplace-2.2.1.js */,
			);
			path = js;
			sourceTree = "<group>";
		};
		494B6FA218796E9D00400328 /* css */ = {
			isa = PBXGroup;
			children = (
				49434449203A026600043E80 /* theme */,
				494B6FB518796E9D00400328 /* raster-print.css */,
				494B6FB618796E9D00400328 /* raster.css */,
			);
			path = css;
			sourceTree = "<group>";
		};
		494B6FDA18796E9D00400328 /* public_group */ = {
			isa = PBXGroup;
			children = (
				49BEE0DF23C1FA4800AC17F7 /* README.md */,
				49BEE0DE23C1F90E00AC17F7 /* group.json */,
				494B6FDB18796E9D00400328 /* htaccess */,
				494B6FDC18796E9D00400328 /* index.php */,
				494B6FDD18796E9D00400328 /* share.php */,
				494B6FEA18796E9D00400328 /* sse_projmon.php */,
				493AA22E1A7419A9005DDFFB /* SharedProjects */,
			);
			path = public_group;
			sourceTree = "<group>";
		};
		494B6FEB18796E9D00400328 /* img */ = {
			isa = PBXGroup;
			children = (
				496AB70C2773561300DEB5A2 /* tNOTicon.png */,
				49ADB67B276E7BFB00A99B47 /* props_p.png */,
				49ADB675276A8CB300A99B47 /* duplicate_p.png */,
				4920390527669ADB0067A740 /* activate_p.png */,
				4920390227669ADB0067A740 /* del_p.png */,
				4920390327669ADB0067A740 /* merge_p.png */,
				492038FE276547590067A740 /* export_p.png */,
				492038FF276547590067A740 /* import_p.png */,
				49203900276547590067A740 /* new_p.png */,
				49367208275ADDCA00B4F351 /* ccopy.png */,
				49367207275ADDCA00B4F351 /* cpaste.png */,
				496A429D27558381005BA08F /* paper.png */,
				49CA255E23CB3A32002F7B74 /* redo.png */,
				49CA255F23CB3A32002F7B74 /* undo.png */,
				495E762623B4E37000C1F367 /* iconset */,
				49F29A2620420DEC002A2E1E /* hint.png */,
				4997D9131F8A5DF200E3481A /* barB.png */,
				4997D9141F8A5DF300E3481A /* barC.png */,
				4997D9151F8A5DF300E3481A /* barCV.png */,
				4997D9161F8A5DF300E3481A /* barV.png */,
				49797D0923B8B54800D01C97 /* find.png */,
				499804E3187F29D10063E8C5 /* qm.png */,
				491CD6D3187DA7600028B84D /* dropedit.png */,
				494B6FF318796E9D00400328 /* dropdown.png */,
				494B700218796E9D00400328 /* nolabel.png */,
				494B701518796E9D00400328 /* Raster.png */,
				494B702218796E9D00400328 /* warn.png */,
			);
			path = img;
			sourceTree = "<group>";
		};
		4999EB431F8F284F009BBF18 /* standalone */ = {
			isa = PBXGroup;
			children = (
				4999EB6B1F900AA9009BBF18 /* standalone.html */,
				4999EB6D1F900C07009BBF18 /* main.js */,
			);
			path = standalone;
			sourceTree = "<group>";
		};
		49E402C11F99383100978B5C /* electron.iconset */ = {
			isa = PBXGroup;
			children = (
				49E402B91F99381600978B5C /* icon_16x16.png */,
				49E402B71F99381600978B5C /* icon_16x16@2x.png */,
				49E402B81F99381600978B5C /* icon_32x32.png */,
				49E402BA1F99381600978B5C /* icon_32x32@2x.png */,
				49E402BB1F99381600978B5C /* icon_128x128.png */,
				49E402BF1F99381700978B5C /* icon_128x128@2x.png */,
				49E402B61F99381500978B5C /* icon_256x256.png */,
				49E402BC1F99381700978B5C /* icon_256x256@2x.png */,
				49E402BD1F99381700978B5C /* icon_512x512.png */,
				49E402BE1F99381700978B5C /* icon_512x512@2x.png */,
			);
			path = electron.iconset;
			sourceTree = "<group>";
		};
		49F279FA1F91DAD4003F360B /* common */ = {
			isa = PBXGroup;
			children = (
				494B6F6618796E9D00400328 /* js */,
				494B6FA218796E9D00400328 /* css */,
				494464AC1A2323990066BDE1 /* help */,
				494B6FEB18796E9D00400328 /* img */,
			);
			path = common;
			sourceTree = "<group>";
		};
		49F279FB1F91DB10003F360B /* server */ = {
			isa = PBXGroup;
			children = (
				494B702918796E9D00400328 /* share.inc */,
				494B6FA118796E9D00400328 /* sse_projmon.inc */,
				494B702C18796E9D00400328 /* index.html */,
			);
			path = server;
			sourceTree = "<group>";
		};
		49F279FC1F91DB17003F360B /* src */ = {
			isa = PBXGroup;
			children = (
				494B6F8A18796E9D00400328 /* index.inc */,
				49F279FF1F91E14A003F360B /* standalone */,
				494B6F8118796E9D00400328 /* rasterMain.js */,
				494B6F7F18796E9D00400328 /* rasterComponent.js */,
				494B6F8218796E9D00400328 /* rasterNode.js */,
				494B6F8318796E9D00400328 /* rasterNodeCluster.js */,
				494B6F8418796E9D00400328 /* rasterPreferencesObject.js */,
				494B6F8518796E9D00400328 /* rasterProject.js */,
				494B6F8618796E9D00400328 /* rasterService.js */,
				494B6F8718796E9D00400328 /* rasterAssessment.js */,
				492431532742F79C00FA02BE /* rasterVulnerability.js */,
				49D256061A1E88A200102918 /* translation-nl.js */,
				49ADD30023CA0B5C003BE3D4 /* rasterTransaction.js */,
				4931606627511F1400F41FBC /* rasterIterators.js */,
			);
			path = src;
			sourceTree = "<group>";
		};
		49F279FD1F91DB23003F360B /* script */ = {
			isa = PBXGroup;
			children = (
				4915A6371FA1178D00B4B205 /* Versions.sh */,
				4999EB5F1F9004D0009BBF18 /* clean.sh */,
				4915A6361FA116CF00B4B205 /* fillcache.sh */,
				4999EB4B1F8FEAAB009BBF18 /* build-server.sh */,
				4999EB651F9007CE009BBF18 /* build-electron.sh */,
				49ADB676276BE41000A99B47 /* checktranslation.sh */,
				49ADB679276D30E700A99B47 /* fix-the-disk-image.applescript */,
				4915A6311FA049DD00B4B205 /* Raster.EN.nsis */,
				4915A6331FA113D900B4B205 /* Raster.NL.nsis */,
				49AE7CC62378595A00F12B9D /* winbuild.bat */,
				4938942D239C0FA300C3E2A5 /* _lang.bat */,
				49F827AB2351CF7600EAE982 /* eslint-xcode-format.js */,
				49F827AA2351B37A00EAE982 /* eslintrc */,
				49E402C11F99383100978B5C /* electron.iconset */,
				49E402A91F99378B00978B5C /* RasterIcon.odg */,
				49ADB67C277066D400A99B47 /* icons.odg */,
				4915A6301FA0482800B4B205 /* raster.ico */,
				494AF84E1FA48AA100356A28 /* installraster.ico */,
				49ADB677276CF02300A99B47 /* installbg_EN.png */,
				49ADB678276CF02300A99B47 /* installbg_NL.png */,
				4915A63D1FA126E600B4B205 /* nsis.zip */,
				4915A6321FA113D900B4B205 /* FileAssociation.nsh */,
				494AF84D1FA3BCBF00356A28 /* 7z.zip */,
				49ADB67D2770673B00A99B47 /* filepp-1.8.0.tar.gz */,
				4915A62E1F9E819300B4B205 /* rcedit-x86.exe */,
			);
			path = script;
			sourceTree = "<group>";
		};
		49F279FE1F91DB3E003F360B /* doc */ = {
			isa = PBXGroup;
			children = (
				494B6F6718796E9D00400328 /* Bugs and Features.txt */,
				494B702A18796E9D00400328 /* ReleaseNotes.txt */,
				499A6BA01A72DC080047E182 /* LICENSE.md */,
				494B6F6818796E9D00400328 /* designAtomicActions.txt */,
				4918F0BE1FBEBF13008A6208 /* build and Install.md */,
				494B6F8818796E9D00400328 /* testcase.txt */,
				49FD71BD2776562A00041524 /* object data structures.txt */,
			);
			path = doc;
			sourceTree = "<group>";
		};
		49F279FF1F91E14A003F360B /* standalone */ = {
			isa = PBXGroup;
			children = (
				49CD587D1F92238E00A9F17F /* e-translation-NL.js */,
				49CD587E1F933CD600A9F17F /* e-translation-EN.js */,
			);
			path = standalone;
			sourceTree = "<group>";
		};
/* End PBXGroup section */

/* Begin PBXLegacyTarget section */
		4999EB521F8FEB7B009BBF18 /* Build Server */ = {
			isa = PBXLegacyTarget;
			buildArgumentsString = "$(ACTION)";
			buildConfigurationList = 4999EB551F8FEB7B009BBF18 /* Build configuration list for PBXLegacyTarget "Build Server" */;
			buildPhases = (
			);
			buildToolPath = "script/build-server.sh";
			buildWorkingDirectory = "$(PROJECT_DIR)";
			dependencies = (
			);
			name = "Build Server";
			passBuildSettingsInEnvironment = 0;
			productName = Lint;
		};
		4999EB601F900553009BBF18 /* Clean */ = {
			isa = PBXLegacyTarget;
			buildArgumentsString = "$(ACTION)";
			buildConfigurationList = 4999EB611F900553009BBF18 /* Build configuration list for PBXLegacyTarget "Clean" */;
			buildPhases = (
			);
			buildToolPath = script/clean.sh;
			buildWorkingDirectory = "$(PROJECT_DIR)";
			dependencies = (
			);
			name = Clean;
			passBuildSettingsInEnvironment = 1;
			productName = Lint;
		};
		4999EB661F9007E5009BBF18 /* Build Electron */ = {
			isa = PBXLegacyTarget;
			buildArgumentsString = "$(ACTION)";
			buildConfigurationList = 4999EB671F9007E5009BBF18 /* Build configuration list for PBXLegacyTarget "Build Electron" */;
			buildPhases = (
			);
			buildToolPath = "script/build-electron.sh";
			buildWorkingDirectory = "$(PROJECT_DIR)";
			dependencies = (
			);
			name = "Build Electron";
			passBuildSettingsInEnvironment = 1;
			productName = Lint;
		};
/* End PBXLegacyTarget section */

/* Begin PBXProject section */
		494B6F5F18796DD000400328 /* Project object */ = {
			isa = PBXProject;
			attributes = {
				KnownAssetTags = (
					New,
				);
				LastUpgradeCheck = 1220;
			};
			buildConfigurationList = 494B6F6218796DD000400328 /* Build configuration list for PBXProject "RasterTool" */;
			compatibilityVersion = "Xcode 3.2";
			developmentRegion = en;
			hasScannedForEncodings = 0;
			knownRegions = (
				en,
				Base,
			);
			mainGroup = 494B6F5E18796DD000400328;
			projectDirPath = "";
			projectRoot = "";
			targets = (
				4999EB521F8FEB7B009BBF18 /* Build Server */,
				4999EB601F900553009BBF18 /* Clean */,
				4999EB661F9007E5009BBF18 /* Build Electron */,
			);
		};
/* End PBXProject section */

/* Begin XCBuildConfiguration section */
		494B6F6318796DD000400328 /* Debug */ = {
			isa = XCBuildConfiguration;
			buildSettings = {
				CLANG_ANALYZER_LOCALIZABILITY_NONLOCALIZED = YES;
				CLANG_WARN_BLOCK_CAPTURE_AUTORELEASING = YES;
				CLANG_WARN_BOOL_CONVERSION = YES;
				CLANG_WARN_COMMA = YES;
				CLANG_WARN_CONSTANT_CONVERSION = YES;
				CLANG_WARN_DEPRECATED_OBJC_IMPLEMENTATIONS = YES;
				CLANG_WARN_EMPTY_BODY = YES;
				CLANG_WARN_ENUM_CONVERSION = YES;
				CLANG_WARN_INFINITE_RECURSION = YES;
				CLANG_WARN_INT_CONVERSION = YES;
				CLANG_WARN_NON_LITERAL_NULL_CONVERSION = YES;
				CLANG_WARN_OBJC_IMPLICIT_RETAIN_SELF = YES;
				CLANG_WARN_OBJC_LITERAL_CONVERSION = YES;
				CLANG_WARN_QUOTED_INCLUDE_IN_FRAMEWORK_HEADER = YES;
				CLANG_WARN_RANGE_LOOP_ANALYSIS = YES;
				CLANG_WARN_STRICT_PROTOTYPES = YES;
				CLANG_WARN_SUSPICIOUS_MOVE = YES;
				CLANG_WARN_UNREACHABLE_CODE = YES;
				CLANG_WARN__DUPLICATE_METHOD_MATCH = YES;
				ENABLE_STRICT_OBJC_MSGSEND = YES;
				ENABLE_TESTABILITY = YES;
				GCC_NO_COMMON_BLOCKS = YES;
				GCC_WARN_64_TO_32_BIT_CONVERSION = YES;
				GCC_WARN_ABOUT_RETURN_TYPE = YES;
				GCC_WARN_UNDECLARED_SELECTOR = YES;
				GCC_WARN_UNINITIALIZED_AUTOS = YES;
				GCC_WARN_UNUSED_FUNCTION = YES;
				GCC_WARN_UNUSED_VARIABLE = YES;
				ONLY_ACTIVE_ARCH = YES;
			};
			name = Debug;
		};
		494B6F6418796DD000400328 /* Release */ = {
			isa = XCBuildConfiguration;
			buildSettings = {
				CLANG_ANALYZER_LOCALIZABILITY_NONLOCALIZED = YES;
				CLANG_WARN_BLOCK_CAPTURE_AUTORELEASING = YES;
				CLANG_WARN_BOOL_CONVERSION = YES;
				CLANG_WARN_COMMA = YES;
				CLANG_WARN_CONSTANT_CONVERSION = YES;
				CLANG_WARN_DEPRECATED_OBJC_IMPLEMENTATIONS = YES;
				CLANG_WARN_EMPTY_BODY = YES;
				CLANG_WARN_ENUM_CONVERSION = YES;
				CLANG_WARN_INFINITE_RECURSION = YES;
				CLANG_WARN_INT_CONVERSION = YES;
				CLANG_WARN_NON_LITERAL_NULL_CONVERSION = YES;
				CLANG_WARN_OBJC_IMPLICIT_RETAIN_SELF = YES;
				CLANG_WARN_OBJC_LITERAL_CONVERSION = YES;
				CLANG_WARN_QUOTED_INCLUDE_IN_FRAMEWORK_HEADER = YES;
				CLANG_WARN_RANGE_LOOP_ANALYSIS = YES;
				CLANG_WARN_STRICT_PROTOTYPES = YES;
				CLANG_WARN_SUSPICIOUS_MOVE = YES;
				CLANG_WARN_UNREACHABLE_CODE = YES;
				CLANG_WARN__DUPLICATE_METHOD_MATCH = YES;
				ENABLE_STRICT_OBJC_MSGSEND = YES;
				GCC_NO_COMMON_BLOCKS = YES;
				GCC_WARN_64_TO_32_BIT_CONVERSION = YES;
				GCC_WARN_ABOUT_RETURN_TYPE = YES;
				GCC_WARN_UNDECLARED_SELECTOR = YES;
				GCC_WARN_UNINITIALIZED_AUTOS = YES;
				GCC_WARN_UNUSED_FUNCTION = YES;
				GCC_WARN_UNUSED_VARIABLE = YES;
			};
			name = Release;
		};
		4999EB561F8FEB7B009BBF18 /* Debug */ = {
			isa = XCBuildConfiguration;
			buildSettings = {
				ALWAYS_SEARCH_USER_PATHS = NO;
				CLANG_CXX_LANGUAGE_STANDARD = "gnu++0x";
				CLANG_CXX_LIBRARY = "libc++";
				CLANG_ENABLE_OBJC_ARC = YES;
				CLANG_WARN_BOOL_CONVERSION = YES;
				CLANG_WARN_CONSTANT_CONVERSION = YES;
				CLANG_WARN_DIRECT_OBJC_ISA_USAGE = YES_ERROR;
				CLANG_WARN_EMPTY_BODY = YES;
				CLANG_WARN_ENUM_CONVERSION = YES;
				CLANG_WARN_INT_CONVERSION = YES;
				CLANG_WARN_OBJC_ROOT_CLASS = YES_ERROR;
				CLANG_WARN__DUPLICATE_METHOD_MATCH = YES;
				COPY_PHASE_STRIP = NO;
				DEBUGGING_SYMBOLS = YES;
				GCC_C_LANGUAGE_STANDARD = gnu99;
				GCC_DYNAMIC_NO_PIC = NO;
				GCC_ENABLE_OBJC_EXCEPTIONS = YES;
				GCC_GENERATE_DEBUGGING_SYMBOLS = YES;
				GCC_OPTIMIZATION_LEVEL = 0;
				GCC_PREPROCESSOR_DEFINITIONS = (
					"DEBUG=1",
					"$(inherited)",
				);
				GCC_SYMBOLS_PRIVATE_EXTERN = NO;
				GCC_WARN_64_TO_32_BIT_CONVERSION = YES;
				GCC_WARN_ABOUT_RETURN_TYPE = YES_ERROR;
				GCC_WARN_UNDECLARED_SELECTOR = YES;
				GCC_WARN_UNINITIALIZED_AUTOS = YES;
				GCC_WARN_UNUSED_FUNCTION = YES;
				GCC_WARN_UNUSED_VARIABLE = YES;
				MACOSX_DEPLOYMENT_TARGET = 10.9;
				ONLY_ACTIVE_ARCH = YES;
				OTHER_CFLAGS = "";
				OTHER_LDFLAGS = "";
				PRODUCT_NAME = "$(TARGET_NAME)";
				SDKROOT = macosx;
			};
			name = Debug;
		};
		4999EB571F8FEB7B009BBF18 /* Release */ = {
			isa = XCBuildConfiguration;
			buildSettings = {
				ALWAYS_SEARCH_USER_PATHS = NO;
				CLANG_CXX_LANGUAGE_STANDARD = "gnu++0x";
				CLANG_CXX_LIBRARY = "libc++";
				CLANG_ENABLE_OBJC_ARC = YES;
				CLANG_WARN_BOOL_CONVERSION = YES;
				CLANG_WARN_CONSTANT_CONVERSION = YES;
				CLANG_WARN_DIRECT_OBJC_ISA_USAGE = YES_ERROR;
				CLANG_WARN_EMPTY_BODY = YES;
				CLANG_WARN_ENUM_CONVERSION = YES;
				CLANG_WARN_INT_CONVERSION = YES;
				CLANG_WARN_OBJC_ROOT_CLASS = YES_ERROR;
				CLANG_WARN__DUPLICATE_METHOD_MATCH = YES;
				COPY_PHASE_STRIP = YES;
				DEBUG_INFORMATION_FORMAT = "dwarf-with-dsym";
				ENABLE_NS_ASSERTIONS = NO;
				GCC_C_LANGUAGE_STANDARD = gnu99;
				GCC_ENABLE_OBJC_EXCEPTIONS = YES;
				GCC_WARN_64_TO_32_BIT_CONVERSION = YES;
				GCC_WARN_ABOUT_RETURN_TYPE = YES_ERROR;
				GCC_WARN_UNDECLARED_SELECTOR = YES;
				GCC_WARN_UNINITIALIZED_AUTOS = YES;
				GCC_WARN_UNUSED_FUNCTION = YES;
				GCC_WARN_UNUSED_VARIABLE = YES;
				MACOSX_DEPLOYMENT_TARGET = 10.9;
				OTHER_CFLAGS = "";
				OTHER_LDFLAGS = "";
				PRODUCT_NAME = "$(TARGET_NAME)";
				SDKROOT = macosx;
			};
			name = Release;
		};
		4999EB621F900553009BBF18 /* Debug */ = {
			isa = XCBuildConfiguration;
			buildSettings = {
				ALWAYS_SEARCH_USER_PATHS = NO;
				CLANG_CXX_LANGUAGE_STANDARD = "gnu++0x";
				CLANG_CXX_LIBRARY = "libc++";
				CLANG_ENABLE_OBJC_ARC = YES;
				CLANG_WARN_BOOL_CONVERSION = YES;
				CLANG_WARN_CONSTANT_CONVERSION = YES;
				CLANG_WARN_DIRECT_OBJC_ISA_USAGE = YES_ERROR;
				CLANG_WARN_EMPTY_BODY = YES;
				CLANG_WARN_ENUM_CONVERSION = YES;
				CLANG_WARN_INT_CONVERSION = YES;
				CLANG_WARN_OBJC_ROOT_CLASS = YES_ERROR;
				CLANG_WARN__DUPLICATE_METHOD_MATCH = YES;
				COPY_PHASE_STRIP = NO;
				DEBUGGING_SYMBOLS = YES;
				GCC_C_LANGUAGE_STANDARD = gnu99;
				GCC_DYNAMIC_NO_PIC = NO;
				GCC_ENABLE_OBJC_EXCEPTIONS = YES;
				GCC_GENERATE_DEBUGGING_SYMBOLS = YES;
				GCC_OPTIMIZATION_LEVEL = 0;
				GCC_PREPROCESSOR_DEFINITIONS = (
					"DEBUG=1",
					"$(inherited)",
				);
				GCC_SYMBOLS_PRIVATE_EXTERN = NO;
				GCC_WARN_64_TO_32_BIT_CONVERSION = YES;
				GCC_WARN_ABOUT_RETURN_TYPE = YES_ERROR;
				GCC_WARN_UNDECLARED_SELECTOR = YES;
				GCC_WARN_UNINITIALIZED_AUTOS = YES;
				GCC_WARN_UNUSED_FUNCTION = YES;
				GCC_WARN_UNUSED_VARIABLE = YES;
				MACOSX_DEPLOYMENT_TARGET = 10.9;
				ONLY_ACTIVE_ARCH = YES;
				OTHER_CFLAGS = "";
				OTHER_LDFLAGS = "";
				PRODUCT_NAME = "$(TARGET_NAME)";
				SDKROOT = macosx;
			};
			name = Debug;
		};
		4999EB631F900553009BBF18 /* Release */ = {
			isa = XCBuildConfiguration;
			buildSettings = {
				ALWAYS_SEARCH_USER_PATHS = NO;
				CLANG_CXX_LANGUAGE_STANDARD = "gnu++0x";
				CLANG_CXX_LIBRARY = "libc++";
				CLANG_ENABLE_OBJC_ARC = YES;
				CLANG_WARN_BOOL_CONVERSION = YES;
				CLANG_WARN_CONSTANT_CONVERSION = YES;
				CLANG_WARN_DIRECT_OBJC_ISA_USAGE = YES_ERROR;
				CLANG_WARN_EMPTY_BODY = YES;
				CLANG_WARN_ENUM_CONVERSION = YES;
				CLANG_WARN_INT_CONVERSION = YES;
				CLANG_WARN_OBJC_ROOT_CLASS = YES_ERROR;
				CLANG_WARN__DUPLICATE_METHOD_MATCH = YES;
				COPY_PHASE_STRIP = YES;
				DEBUG_INFORMATION_FORMAT = "dwarf-with-dsym";
				ENABLE_NS_ASSERTIONS = NO;
				GCC_C_LANGUAGE_STANDARD = gnu99;
				GCC_ENABLE_OBJC_EXCEPTIONS = YES;
				GCC_WARN_64_TO_32_BIT_CONVERSION = YES;
				GCC_WARN_ABOUT_RETURN_TYPE = YES_ERROR;
				GCC_WARN_UNDECLARED_SELECTOR = YES;
				GCC_WARN_UNINITIALIZED_AUTOS = YES;
				GCC_WARN_UNUSED_FUNCTION = YES;
				GCC_WARN_UNUSED_VARIABLE = YES;
				MACOSX_DEPLOYMENT_TARGET = 10.9;
				OTHER_CFLAGS = "";
				OTHER_LDFLAGS = "";
				PRODUCT_NAME = "$(TARGET_NAME)";
				SDKROOT = macosx;
			};
			name = Release;
		};
		4999EB681F9007E5009BBF18 /* Debug */ = {
			isa = XCBuildConfiguration;
			buildSettings = {
				ALWAYS_SEARCH_USER_PATHS = NO;
				CLANG_CXX_LANGUAGE_STANDARD = "gnu++0x";
				CLANG_CXX_LIBRARY = "libc++";
				CLANG_ENABLE_OBJC_ARC = YES;
				CLANG_WARN_BOOL_CONVERSION = YES;
				CLANG_WARN_CONSTANT_CONVERSION = YES;
				CLANG_WARN_DIRECT_OBJC_ISA_USAGE = YES_ERROR;
				CLANG_WARN_EMPTY_BODY = YES;
				CLANG_WARN_ENUM_CONVERSION = YES;
				CLANG_WARN_INT_CONVERSION = YES;
				CLANG_WARN_OBJC_ROOT_CLASS = YES_ERROR;
				CLANG_WARN__DUPLICATE_METHOD_MATCH = YES;
				COPY_PHASE_STRIP = NO;
				DEBUGGING_SYMBOLS = YES;
				GCC_C_LANGUAGE_STANDARD = gnu99;
				GCC_DYNAMIC_NO_PIC = NO;
				GCC_ENABLE_OBJC_EXCEPTIONS = YES;
				GCC_GENERATE_DEBUGGING_SYMBOLS = YES;
				GCC_OPTIMIZATION_LEVEL = 0;
				GCC_PREPROCESSOR_DEFINITIONS = (
					"DEBUG=1",
					"$(inherited)",
				);
				GCC_SYMBOLS_PRIVATE_EXTERN = NO;
				GCC_WARN_64_TO_32_BIT_CONVERSION = YES;
				GCC_WARN_ABOUT_RETURN_TYPE = YES_ERROR;
				GCC_WARN_UNDECLARED_SELECTOR = YES;
				GCC_WARN_UNINITIALIZED_AUTOS = YES;
				GCC_WARN_UNUSED_FUNCTION = YES;
				GCC_WARN_UNUSED_VARIABLE = YES;
				MACOSX_DEPLOYMENT_TARGET = 10.9;
				ONLY_ACTIVE_ARCH = YES;
				OTHER_CFLAGS = "";
				OTHER_LDFLAGS = "";
				PRODUCT_NAME = "$(TARGET_NAME)";
				SDKROOT = macosx;
			};
			name = Debug;
		};
		4999EB691F9007E5009BBF18 /* Release */ = {
			isa = XCBuildConfiguration;
			buildSettings = {
				ALWAYS_SEARCH_USER_PATHS = NO;
				CLANG_CXX_LANGUAGE_STANDARD = "gnu++0x";
				CLANG_CXX_LIBRARY = "libc++";
				CLANG_ENABLE_OBJC_ARC = YES;
				CLANG_WARN_BOOL_CONVERSION = YES;
				CLANG_WARN_CONSTANT_CONVERSION = YES;
				CLANG_WARN_DIRECT_OBJC_ISA_USAGE = YES_ERROR;
				CLANG_WARN_EMPTY_BODY = YES;
				CLANG_WARN_ENUM_CONVERSION = YES;
				CLANG_WARN_INT_CONVERSION = YES;
				CLANG_WARN_OBJC_ROOT_CLASS = YES_ERROR;
				CLANG_WARN__DUPLICATE_METHOD_MATCH = YES;
				COPY_PHASE_STRIP = YES;
				DEBUG_INFORMATION_FORMAT = "dwarf-with-dsym";
				ENABLE_NS_ASSERTIONS = NO;
				GCC_C_LANGUAGE_STANDARD = gnu99;
				GCC_ENABLE_OBJC_EXCEPTIONS = YES;
				GCC_WARN_64_TO_32_BIT_CONVERSION = YES;
				GCC_WARN_ABOUT_RETURN_TYPE = YES_ERROR;
				GCC_WARN_UNDECLARED_SELECTOR = YES;
				GCC_WARN_UNINITIALIZED_AUTOS = YES;
				GCC_WARN_UNUSED_FUNCTION = YES;
				GCC_WARN_UNUSED_VARIABLE = YES;
				MACOSX_DEPLOYMENT_TARGET = 10.9;
				OTHER_CFLAGS = "";
				OTHER_LDFLAGS = "";
				PRODUCT_NAME = "$(TARGET_NAME)";
				SDKROOT = macosx;
			};
			name = Release;
		};
/* End XCBuildConfiguration section */

/* Begin XCConfigurationList section */
		494B6F6218796DD000400328 /* Build configuration list for PBXProject "RasterTool" */ = {
			isa = XCConfigurationList;
			buildConfigurations = (
				494B6F6318796DD000400328 /* Debug */,
				494B6F6418796DD000400328 /* Release */,
			);
			defaultConfigurationIsVisible = 0;
			defaultConfigurationName = Release;
		};
		4999EB551F8FEB7B009BBF18 /* Build configuration list for PBXLegacyTarget "Build Server" */ = {
			isa = XCConfigurationList;
			buildConfigurations = (
				4999EB561F8FEB7B009BBF18 /* Debug */,
				4999EB571F8FEB7B009BBF18 /* Release */,
			);
			defaultConfigurationIsVisible = 0;
			defaultConfigurationName = Release;
		};
		4999EB611F900553009BBF18 /* Build configuration list for PBXLegacyTarget "Clean" */ = {
			isa = XCConfigurationList;
			buildConfigurations = (
				4999EB621F900553009BBF18 /* Debug */,
				4999EB631F900553009BBF18 /* Release */,
			);
			defaultConfigurationIsVisible = 0;
			defaultConfigurationName = Release;
		};
		4999EB671F9007E5009BBF18 /* Build configuration list for PBXLegacyTarget "Build Electron" */ = {
			isa = XCConfigurationList;
			buildConfigurations = (
				4999EB681F9007E5009BBF18 /* Debug */,
				4999EB691F9007E5009BBF18 /* Release */,
			);
			defaultConfigurationIsVisible = 0;
			defaultConfigurationName = Release;
		};
/* End XCConfigurationList section */
	};
	rootObject = 494B6F5F18796DD000400328 /* Project object */;
}
