// !$*UTF8*$!
{
	archiveVersion = 1;
	classes = {
	};
	objectVersion = 46;
	objects = {

/* Begin PBXFileReference section */
		491CD6CA187D97B60028B84D /* tNOTicon.png */ = {isa = PBXFileReference; lastKnownFileType = image.png; path = tNOTicon.png; sourceTree = "<group>"; };
		491CD6CB187D97C90028B84D /* tNOT.png */ = {isa = PBXFileReference; lastKnownFileType = image.png; path = tNOT.png; sourceTree = "<group>"; };
		491CD6CC187D97D00028B84D /* tNOT.png */ = {isa = PBXFileReference; lastKnownFileType = image.png; path = tNOT.png; sourceTree = "<group>"; };
		491CD6CD187D97D90028B84D /* tNOT.png */ = {isa = PBXFileReference; lastKnownFileType = image.png; path = tNOT.png; sourceTree = "<group>"; };
		491CD6CE187D97EA0028B84D /* tNOT.png */ = {isa = PBXFileReference; lastKnownFileType = image.png; path = tNOT.png; sourceTree = "<group>"; };
		491CD6CF187D97F30028B84D /* tNOT.png */ = {isa = PBXFileReference; lastKnownFileType = image.png; path = tNOT.png; sourceTree = "<group>"; };
		491CD6D0187D97FC0028B84D /* tNOT.png */ = {isa = PBXFileReference; lastKnownFileType = image.png; path = tNOT.png; sourceTree = "<group>"; };
		491CD6D1187D98070028B84D /* tNOT.png */ = {isa = PBXFileReference; lastKnownFileType = image.png; path = tNOT.png; sourceTree = "<group>"; };
		491CD6D2187D980F0028B84D /* tNOT.png */ = {isa = PBXFileReference; lastKnownFileType = image.png; path = tNOT.png; sourceTree = "<group>"; };
		491CD6D3187DA7600028B84D /* dropedit.png */ = {isa = PBXFileReference; lastKnownFileType = image.png; path = dropedit.png; sourceTree = "<group>"; };
		493AA22F1A7419A9005DDFFB /* README.md */ = {isa = PBXFileReference; lastKnownFileType = net.daringfireball.markdown; path = README.md; sourceTree = "<group>"; };
		494464AD1A2323990066BDE1 /* About.html */ = {isa = PBXFileReference; fileEncoding = 4; lastKnownFileType = text.html; path = About.html; sourceTree = "<group>"; };
		494464AE1A2323990066BDE1 /* Frequency.html */ = {isa = PBXFileReference; fileEncoding = 4; lastKnownFileType = text.html; path = Frequency.html; sourceTree = "<group>"; };
		494464AF1A2323990066BDE1 /* Impact.html */ = {isa = PBXFileReference; fileEncoding = 4; lastKnownFileType = text.html; path = Impact.html; sourceTree = "<group>"; };
		494464B01A2323990066BDE1 /* Process.html */ = {isa = PBXFileReference; fileEncoding = 4; lastKnownFileType = text.html; path = Process.html; sourceTree = "<group>"; };
		494464B51A2324D40066BDE1 /* Process-nl.html */ = {isa = PBXFileReference; fileEncoding = 4; lastKnownFileType = text.html; path = "Process-nl.html"; sourceTree = "<group>"; };
		494464B61A2324D40066BDE1 /* Frequency-nl.html */ = {isa = PBXFileReference; fileEncoding = 4; lastKnownFileType = text.html; path = "Frequency-nl.html"; sourceTree = "<group>"; };
		494464B71A2324D40066BDE1 /* Impact-nl.html */ = {isa = PBXFileReference; fileEncoding = 4; lastKnownFileType = text.html; path = "Impact-nl.html"; sourceTree = "<group>"; };
		494464B81A2324D40066BDE1 /* About-nl.html */ = {isa = PBXFileReference; fileEncoding = 4; lastKnownFileType = text.html; path = "About-nl.html"; sourceTree = "<group>"; };
		494B6F6518796E9D00400328 /* changes to commit */ = {isa = PBXFileReference; lastKnownFileType = text; path = "changes to commit"; sourceTree = "<group>"; };
		494B6F6718796E9D00400328 /* Bugs and Features.txt */ = {isa = PBXFileReference; lastKnownFileType = text; path = "Bugs and Features.txt"; sourceTree = "<group>"; };
		494B6F6818796E9D00400328 /* designAtomicActions.txt */ = {isa = PBXFileReference; lastKnownFileType = text; path = designAtomicActions.txt; sourceTree = "<group>"; };
		494B6F6918796E9D00400328 /* encodedecode.js */ = {isa = PBXFileReference; lastKnownFileType = sourcecode.javascript; path = encodedecode.js; sourceTree = "<group>"; };
		494B6F6A18796E9D00400328 /* eventsource.js */ = {isa = PBXFileReference; lastKnownFileType = sourcecode.javascript; path = eventsource.js; sourceTree = "<group>"; };
		494B6F6F18796E9D00400328 /* jquery.editinplace-2.2.1.js */ = {isa = PBXFileReference; lastKnownFileType = sourcecode.javascript; path = "jquery.editinplace-2.2.1.js"; sourceTree = "<group>"; };
		494B6F7A18796E9D00400328 /* layout.odg */ = {isa = PBXFileReference; lastKnownFileType = file; path = layout.odg; sourceTree = "<group>"; };
		494B6F7C18796E9D00400328 /* checkall.sh */ = {isa = PBXFileReference; lastKnownFileType = text.script.sh; path = checkall.sh; sourceTree = "<group>"; };
		494B6F7D18796E9D00400328 /* jsl */ = {isa = PBXFileReference; lastKnownFileType = "compiled.mach-o.executable"; path = jsl; sourceTree = "<group>"; };
		494B6F7E18796E9D00400328 /* jsl.default.conf */ = {isa = PBXFileReference; lastKnownFileType = text; path = jsl.default.conf; sourceTree = "<group>"; };
		494B6F7F18796E9D00400328 /* rasterComponent.js */ = {isa = PBXFileReference; lastKnownFileType = sourcecode.javascript; path = rasterComponent.js; sourceTree = "<group>"; wrapsLines = 0; };
		494B6F8118796E9D00400328 /* rasterMain.js */ = {isa = PBXFileReference; lastKnownFileType = sourcecode.javascript; path = rasterMain.js; sourceTree = "<group>"; };
		494B6F8218796E9D00400328 /* rasterNode.js */ = {isa = PBXFileReference; lastKnownFileType = sourcecode.javascript; path = rasterNode.js; sourceTree = "<group>"; };
		494B6F8318796E9D00400328 /* rasterNodeCluster.js */ = {isa = PBXFileReference; lastKnownFileType = sourcecode.javascript; path = rasterNodeCluster.js; sourceTree = "<group>"; };
		494B6F8418796E9D00400328 /* rasterPreferencesObject.js */ = {isa = PBXFileReference; lastKnownFileType = sourcecode.javascript; path = rasterPreferencesObject.js; sourceTree = "<group>"; };
		494B6F8518796E9D00400328 /* rasterProject.js */ = {isa = PBXFileReference; lastKnownFileType = sourcecode.javascript; path = rasterProject.js; sourceTree = "<group>"; };
		494B6F8618796E9D00400328 /* rasterService.js */ = {isa = PBXFileReference; lastKnownFileType = sourcecode.javascript; path = rasterService.js; sourceTree = "<group>"; };
		494B6F8718796E9D00400328 /* rasterThreatEvaluation.js */ = {isa = PBXFileReference; lastKnownFileType = sourcecode.javascript; path = rasterThreatEvaluation.js; sourceTree = "<group>"; };
		494B6F8818796E9D00400328 /* Testcase.txt */ = {isa = PBXFileReference; lastKnownFileType = text; path = Testcase.txt; sourceTree = "<group>"; };
		494B6F8A18796E9D00400328 /* index.inc */ = {isa = PBXFileReference; explicitFileType = text.html.documentation; path = index.inc; sourceTree = "<group>"; };
		494B6FA118796E9D00400328 /* sse_projmon.inc */ = {isa = PBXFileReference; explicitFileType = text.script.php; path = sse_projmon.inc; sourceTree = "<group>"; };
		494B6FB518796E9D00400328 /* raster-print.css */ = {isa = PBXFileReference; lastKnownFileType = text.css; path = "raster-print.css"; sourceTree = "<group>"; };
		494B6FB618796E9D00400328 /* raster.css */ = {isa = PBXFileReference; lastKnownFileType = text.css; path = raster.css; sourceTree = "<group>"; };
		494B6FDB18796E9D00400328 /* htaccess */ = {isa = PBXFileReference; lastKnownFileType = text; path = htaccess; sourceTree = "<group>"; };
		494B6FDC18796E9D00400328 /* index.php */ = {isa = PBXFileReference; lastKnownFileType = text.script.php; path = index.php; sourceTree = "<group>"; };
		494B6FDD18796E9D00400328 /* share.php */ = {isa = PBXFileReference; lastKnownFileType = text.script.php; path = share.php; sourceTree = "<group>"; };
		494B6FEA18796E9D00400328 /* sse_projmon.php */ = {isa = PBXFileReference; lastKnownFileType = text.script.php; path = sse_projmon.php; sourceTree = "<group>"; };
		494B6FED18796E9D00400328 /* tACT.png */ = {isa = PBXFileReference; lastKnownFileType = image.png; path = tACT.png; sourceTree = "<group>"; };
		494B6FEE18796E9D00400328 /* tEQT.png */ = {isa = PBXFileReference; lastKnownFileType = image.png; path = tEQT.png; sourceTree = "<group>"; };
		494B6FEF18796E9D00400328 /* tUNK.png */ = {isa = PBXFileReference; lastKnownFileType = image.png; path = tUNK.png; sourceTree = "<group>"; };
		494B6FF018796E9D00400328 /* tWLS.png */ = {isa = PBXFileReference; lastKnownFileType = image.png; path = tWLS.png; sourceTree = "<group>"; };
		494B6FF118796E9D00400328 /* tWRD.png */ = {isa = PBXFileReference; lastKnownFileType = image.png; path = tWRD.png; sourceTree = "<group>"; };
		494B6FF218796E9D00400328 /* disable.png */ = {isa = PBXFileReference; lastKnownFileType = image.png; path = disable.png; sourceTree = "<group>"; };
		494B6FF318796E9D00400328 /* dropdown.png */ = {isa = PBXFileReference; lastKnownFileType = image.png; path = dropdown.png; sourceTree = "<group>"; };
		494B6FF518796E9D00400328 /* tACT.png */ = {isa = PBXFileReference; lastKnownFileType = image.png; path = tACT.png; sourceTree = "<group>"; };
		494B6FF618796E9D00400328 /* tEQT.png */ = {isa = PBXFileReference; lastKnownFileType = image.png; path = tEQT.png; sourceTree = "<group>"; };
		494B6FF718796E9D00400328 /* tUNK.png */ = {isa = PBXFileReference; lastKnownFileType = image.png; path = tUNK.png; sourceTree = "<group>"; };
		494B6FF818796E9D00400328 /* tWLS.png */ = {isa = PBXFileReference; lastKnownFileType = image.png; path = tWLS.png; sourceTree = "<group>"; };
		494B6FF918796E9D00400328 /* tWRD.png */ = {isa = PBXFileReference; lastKnownFileType = image.png; path = tWRD.png; sourceTree = "<group>"; };
		494B6FFB18796E9D00400328 /* tACT.png */ = {isa = PBXFileReference; lastKnownFileType = image.png; path = tACT.png; sourceTree = "<group>"; };
		494B6FFC18796E9D00400328 /* tEQT.png */ = {isa = PBXFileReference; lastKnownFileType = image.png; path = tEQT.png; sourceTree = "<group>"; };
		494B6FFD18796E9D00400328 /* tUNK.png */ = {isa = PBXFileReference; lastKnownFileType = image.png; path = tUNK.png; sourceTree = "<group>"; };
		494B6FFE18796E9D00400328 /* tWLS.png */ = {isa = PBXFileReference; lastKnownFileType = image.png; path = tWLS.png; sourceTree = "<group>"; };
		494B6FFF18796E9D00400328 /* tWRD.png */ = {isa = PBXFileReference; lastKnownFileType = image.png; path = tWRD.png; sourceTree = "<group>"; };
		494B700018796E9D00400328 /* info.png */ = {isa = PBXFileReference; lastKnownFileType = image.png; path = info.png; sourceTree = "<group>"; };
		494B700118796E9D00400328 /* list.png */ = {isa = PBXFileReference; lastKnownFileType = image.png; path = list.png; sourceTree = "<group>"; };
		494B700218796E9D00400328 /* nolabel.png */ = {isa = PBXFileReference; lastKnownFileType = image.png; path = nolabel.png; sourceTree = "<group>"; };
		494B700418796E9D00400328 /* tACT.png */ = {isa = PBXFileReference; lastKnownFileType = image.png; path = tACT.png; sourceTree = "<group>"; };
		494B700518796E9D00400328 /* tEQT.png */ = {isa = PBXFileReference; lastKnownFileType = image.png; path = tEQT.png; sourceTree = "<group>"; };
		494B700618796E9D00400328 /* tUNK.png */ = {isa = PBXFileReference; lastKnownFileType = image.png; path = tUNK.png; sourceTree = "<group>"; };
		494B700718796E9D00400328 /* tWLS.png */ = {isa = PBXFileReference; lastKnownFileType = image.png; path = tWLS.png; sourceTree = "<group>"; };
		494B700818796E9D00400328 /* tWRD.png */ = {isa = PBXFileReference; lastKnownFileType = image.png; path = tWRD.png; sourceTree = "<group>"; };
		494B700A18796E9D00400328 /* tACT.png */ = {isa = PBXFileReference; lastKnownFileType = image.png; path = tACT.png; sourceTree = "<group>"; };
		494B700B18796E9D00400328 /* tEQT.png */ = {isa = PBXFileReference; lastKnownFileType = image.png; path = tEQT.png; sourceTree = "<group>"; };
		494B700C18796E9D00400328 /* tUNK.png */ = {isa = PBXFileReference; lastKnownFileType = image.png; path = tUNK.png; sourceTree = "<group>"; };
		494B700D18796E9D00400328 /* tWLS.png */ = {isa = PBXFileReference; lastKnownFileType = image.png; path = tWLS.png; sourceTree = "<group>"; };
		494B700E18796E9D00400328 /* tWRD.png */ = {isa = PBXFileReference; lastKnownFileType = image.png; path = tWRD.png; sourceTree = "<group>"; };
		494B701018796E9D00400328 /* tACT.png */ = {isa = PBXFileReference; lastKnownFileType = image.png; path = tACT.png; sourceTree = "<group>"; };
		494B701118796E9D00400328 /* tEQT.png */ = {isa = PBXFileReference; lastKnownFileType = image.png; path = tEQT.png; sourceTree = "<group>"; };
		494B701218796E9D00400328 /* tUNK.png */ = {isa = PBXFileReference; lastKnownFileType = image.png; path = tUNK.png; sourceTree = "<group>"; };
		494B701318796E9D00400328 /* tWLS.png */ = {isa = PBXFileReference; lastKnownFileType = image.png; path = tWLS.png; sourceTree = "<group>"; };
		494B701418796E9D00400328 /* tWRD.png */ = {isa = PBXFileReference; lastKnownFileType = image.png; path = tWRD.png; sourceTree = "<group>"; };
		494B701518796E9D00400328 /* Raster.png */ = {isa = PBXFileReference; lastKnownFileType = image.png; path = Raster.png; sourceTree = "<group>"; };
		494B701718796E9D00400328 /* tACT.png */ = {isa = PBXFileReference; lastKnownFileType = image.png; path = tACT.png; sourceTree = "<group>"; };
		494B701818796E9D00400328 /* tEQT.png */ = {isa = PBXFileReference; lastKnownFileType = image.png; path = tEQT.png; sourceTree = "<group>"; };
		494B701918796E9D00400328 /* tUNK.png */ = {isa = PBXFileReference; lastKnownFileType = image.png; path = tUNK.png; sourceTree = "<group>"; };
		494B701A18796E9D00400328 /* tWLS.png */ = {isa = PBXFileReference; lastKnownFileType = image.png; path = tWLS.png; sourceTree = "<group>"; };
		494B701B18796E9D00400328 /* tWRD.png */ = {isa = PBXFileReference; lastKnownFileType = image.png; path = tWRD.png; sourceTree = "<group>"; };
		494B701C18796E9D00400328 /* selected.png */ = {isa = PBXFileReference; lastKnownFileType = image.png; path = selected.png; sourceTree = "<group>"; };
		494B701D18796E9D00400328 /* tACTicon.png */ = {isa = PBXFileReference; lastKnownFileType = image.png; path = tACTicon.png; sourceTree = "<group>"; };
		494B701E18796E9D00400328 /* tEQTicon.png */ = {isa = PBXFileReference; lastKnownFileType = image.png; path = tEQTicon.png; sourceTree = "<group>"; };
		494B701F18796E9D00400328 /* tUNKicon.png */ = {isa = PBXFileReference; lastKnownFileType = image.png; path = tUNKicon.png; sourceTree = "<group>"; };
		494B702018796E9D00400328 /* tWLSicon.png */ = {isa = PBXFileReference; lastKnownFileType = image.png; path = tWLSicon.png; sourceTree = "<group>"; };
		494B702118796E9D00400328 /* tWRDicon.png */ = {isa = PBXFileReference; lastKnownFileType = image.png; path = tWRDicon.png; sourceTree = "<group>"; };
		494B702218796E9D00400328 /* warn.png */ = {isa = PBXFileReference; lastKnownFileType = image.png; path = warn.png; sourceTree = "<group>"; };
		494B702418796E9D00400328 /* tACT.png */ = {isa = PBXFileReference; lastKnownFileType = image.png; path = tACT.png; sourceTree = "<group>"; };
		494B702518796E9D00400328 /* tEQT.png */ = {isa = PBXFileReference; lastKnownFileType = image.png; path = tEQT.png; sourceTree = "<group>"; };
		494B702618796E9D00400328 /* tUNK.png */ = {isa = PBXFileReference; lastKnownFileType = image.png; path = tUNK.png; sourceTree = "<group>"; };
		494B702718796E9D00400328 /* tWLS.png */ = {isa = PBXFileReference; lastKnownFileType = image.png; path = tWLS.png; sourceTree = "<group>"; };
		494B702818796E9D00400328 /* tWRD.png */ = {isa = PBXFileReference; lastKnownFileType = image.png; path = tWRD.png; sourceTree = "<group>"; };
		494B702918796E9D00400328 /* share.inc */ = {isa = PBXFileReference; explicitFileType = text.script.php; path = share.inc; sourceTree = "<group>"; };
		494B702A18796E9D00400328 /* ReleaseNotes.txt */ = {isa = PBXFileReference; lastKnownFileType = text; path = ReleaseNotes.txt; sourceTree = "<group>"; };
		494B702C18796E9D00400328 /* index.html */ = {isa = PBXFileReference; lastKnownFileType = text.html; path = index.html; sourceTree = "<group>"; };
		494EAEBC1A9AF8DE00C63573 /* manual-EN-v0.9.2.pdf */ = {isa = PBXFileReference; lastKnownFileType = image.pdf; path = "manual-EN-v0.9.2.pdf"; sourceTree = "<group>"; };
		495591DF1A7AB6C60016B001 /* jquery-2.1.3.js */ = {isa = PBXFileReference; fileEncoding = 4; lastKnownFileType = sourcecode.javascript; path = "jquery-2.1.3.js"; sourceTree = "<group>"; };
		4966C13A1AEE35F7002B5F9A /* Raster-EN-1.0.pdf */ = {isa = PBXFileReference; lastKnownFileType = image.pdf; path = "Raster-EN-1.0.pdf"; sourceTree = "<group>"; };
		4966C13B1AEE35F7002B5F9A /* Raster-NL-1.0.pdf */ = {isa = PBXFileReference; lastKnownFileType = image.pdf; path = "Raster-NL-1.0.pdf"; sourceTree = "<group>"; };
		498BB2B31A26231E00B12844 /* find.png */ = {isa = PBXFileReference; lastKnownFileType = image.png; path = find.png; sourceTree = "<group>"; };
		498BB2B91A2626AF00B12844 /* build.sh */ = {isa = PBXFileReference; fileEncoding = 4; lastKnownFileType = text.script.sh; path = build.sh; sourceTree = "<group>"; };
		499804E3187F29D10063E8C5 /* qm-hi.png */ = {isa = PBXFileReference; lastKnownFileType = image.png; path = "qm-hi.png"; sourceTree = "<group>"; };
		499804E4187F29D10063E8C5 /* qm-lo.png */ = {isa = PBXFileReference; lastKnownFileType = image.png; path = "qm-lo.png"; sourceTree = "<group>"; };
		499A6B9F1A72D97A0047E182 /* README.md */ = {isa = PBXFileReference; fileEncoding = 4; lastKnownFileType = net.daringfireball.markdown; path = README.md; sourceTree = "<group>"; };
		499A6BA01A72DC080047E182 /* LICENSE.md */ = {isa = PBXFileReference; fileEncoding = 4; lastKnownFileType = net.daringfireball.markdown; path = LICENSE.md; sourceTree = "<group>"; };
		499BA93D1AD80D22005D20B4 /* jquery.jsPlumb-1.7.5.js */ = {isa = PBXFileReference; lastKnownFileType = sourcecode.javascript; path = "jquery.jsPlumb-1.7.5.js"; sourceTree = "<group>"; };
		49C780331A76C3120003863C /* jquery-ui-1.11.2.js */ = {isa = PBXFileReference; fileEncoding = 4; lastKnownFileType = sourcecode.javascript; path = "jquery-ui-1.11.2.js"; sourceTree = "<group>"; };
		49CA2DF91A7A54010085252F /* ui-bg_flat_55_999999_40x100.png */ = {isa = PBXFileReference; lastKnownFileType = image.png; path = "ui-bg_flat_55_999999_40x100.png"; sourceTree = "<group>"; };
		49CA2DFA1A7A54010085252F /* ui-bg_flat_75_aaaaaa_40x100.png */ = {isa = PBXFileReference; lastKnownFileType = image.png; path = "ui-bg_flat_75_aaaaaa_40x100.png"; sourceTree = "<group>"; };
		49CA2DFB1A7A54010085252F /* ui-bg_glass_45_0078ae_1x400.png */ = {isa = PBXFileReference; lastKnownFileType = image.png; path = "ui-bg_glass_45_0078ae_1x400.png"; sourceTree = "<group>"; };
		49CA2DFC1A7A54010085252F /* ui-bg_glass_55_f8da4e_1x400.png */ = {isa = PBXFileReference; lastKnownFileType = image.png; path = "ui-bg_glass_55_f8da4e_1x400.png"; sourceTree = "<group>"; };
		49CA2DFD1A7A54010085252F /* ui-bg_glass_75_79c9ec_1x400.png */ = {isa = PBXFileReference; lastKnownFileType = image.png; path = "ui-bg_glass_75_79c9ec_1x400.png"; sourceTree = "<group>"; };
		49CA2DFE1A7A54010085252F /* ui-bg_gloss-wave_45_e14f1c_500x100.png */ = {isa = PBXFileReference; lastKnownFileType = image.png; path = "ui-bg_gloss-wave_45_e14f1c_500x100.png"; sourceTree = "<group>"; };
		49CA2DFF1A7A54010085252F /* ui-bg_gloss-wave_50_6eac2c_500x100.png */ = {isa = PBXFileReference; lastKnownFileType = image.png; path = "ui-bg_gloss-wave_50_6eac2c_500x100.png"; sourceTree = "<group>"; };
		49CA2E001A7A54010085252F /* ui-bg_gloss-wave_75_2191c0_500x100.png */ = {isa = PBXFileReference; lastKnownFileType = image.png; path = "ui-bg_gloss-wave_75_2191c0_500x100.png"; sourceTree = "<group>"; };
		49CA2E011A7A54010085252F /* ui-bg_inset-hard_100_fcfdfd_1x100.png */ = {isa = PBXFileReference; lastKnownFileType = image.png; path = "ui-bg_inset-hard_100_fcfdfd_1x100.png"; sourceTree = "<group>"; };
		49CA2E021A7A54010085252F /* ui-icons_0078ae_256x240.png */ = {isa = PBXFileReference; lastKnownFileType = image.png; path = "ui-icons_0078ae_256x240.png"; sourceTree = "<group>"; };
		49CA2E031A7A54010085252F /* ui-icons_056b93_256x240.png */ = {isa = PBXFileReference; lastKnownFileType = image.png; path = "ui-icons_056b93_256x240.png"; sourceTree = "<group>"; };
		49CA2E041A7A54010085252F /* ui-icons_d8e7f3_256x240.png */ = {isa = PBXFileReference; lastKnownFileType = image.png; path = "ui-icons_d8e7f3_256x240.png"; sourceTree = "<group>"; };
		49CA2E051A7A54010085252F /* ui-icons_e0fdff_256x240.png */ = {isa = PBXFileReference; lastKnownFileType = image.png; path = "ui-icons_e0fdff_256x240.png"; sourceTree = "<group>"; };
		49CA2E061A7A54010085252F /* ui-icons_f5e175_256x240.png */ = {isa = PBXFileReference; lastKnownFileType = image.png; path = "ui-icons_f5e175_256x240.png"; sourceTree = "<group>"; };
		49CA2E071A7A54010085252F /* ui-icons_f7a50d_256x240.png */ = {isa = PBXFileReference; lastKnownFileType = image.png; path = "ui-icons_f7a50d_256x240.png"; sourceTree = "<group>"; };
		49CA2E081A7A54010085252F /* ui-icons_fcd113_256x240.png */ = {isa = PBXFileReference; lastKnownFileType = image.png; path = "ui-icons_fcd113_256x240.png"; sourceTree = "<group>"; };
		49CA2E091A7A54010085252F /* jquery-ui.min.css */ = {isa = PBXFileReference; fileEncoding = 4; lastKnownFileType = text.css; path = "jquery-ui.min.css"; sourceTree = "<group>"; };
		49D256041A1E87BF00102918 /* jquery.localisation.js */ = {isa = PBXFileReference; fileEncoding = 4; lastKnownFileType = sourcecode.javascript; path = jquery.localisation.js; sourceTree = "<group>"; };
		49D256061A1E88A200102918 /* translation-nl.js */ = {isa = PBXFileReference; fileEncoding = 4; lastKnownFileType = sourcecode.javascript; path = "translation-nl.js"; sourceTree = "<group>"; };
		49E0126F1A795DFE007D4303 /* ui-bg_flat_0_aaaaaa_40x100.png */ = {isa = PBXFileReference; lastKnownFileType = image.png; path = "ui-bg_flat_0_aaaaaa_40x100.png"; sourceTree = "<group>"; };
		49E012701A795DFE007D4303 /* ui-bg_flat_55_fbec88_40x100.png */ = {isa = PBXFileReference; lastKnownFileType = image.png; path = "ui-bg_flat_55_fbec88_40x100.png"; sourceTree = "<group>"; };
		49E012711A795DFE007D4303 /* ui-bg_glass_75_d0e5f5_1x400.png */ = {isa = PBXFileReference; lastKnownFileType = image.png; path = "ui-bg_glass_75_d0e5f5_1x400.png"; sourceTree = "<group>"; };
		49E012721A795DFE007D4303 /* ui-bg_glass_85_dfeffc_1x400.png */ = {isa = PBXFileReference; lastKnownFileType = image.png; path = "ui-bg_glass_85_dfeffc_1x400.png"; sourceTree = "<group>"; };
		49E012731A795DFE007D4303 /* ui-bg_glass_95_fef1ec_1x400.png */ = {isa = PBXFileReference; lastKnownFileType = image.png; path = "ui-bg_glass_95_fef1ec_1x400.png"; sourceTree = "<group>"; };
		49E012741A795DFE007D4303 /* ui-bg_gloss-wave_55_5c9ccc_500x100.png */ = {isa = PBXFileReference; lastKnownFileType = image.png; path = "ui-bg_gloss-wave_55_5c9ccc_500x100.png"; sourceTree = "<group>"; };
		49E012751A795DFE007D4303 /* ui-bg_inset-hard_100_f5f8f9_1x100.png */ = {isa = PBXFileReference; lastKnownFileType = image.png; path = "ui-bg_inset-hard_100_f5f8f9_1x100.png"; sourceTree = "<group>"; };
		49E012761A795DFE007D4303 /* ui-bg_inset-hard_100_fcfdfd_1x100.png */ = {isa = PBXFileReference; lastKnownFileType = image.png; path = "ui-bg_inset-hard_100_fcfdfd_1x100.png"; sourceTree = "<group>"; };
		49E012771A795DFE007D4303 /* ui-icons_217bc0_256x240.png */ = {isa = PBXFileReference; lastKnownFileType = image.png; path = "ui-icons_217bc0_256x240.png"; sourceTree = "<group>"; };
		49E012781A795DFE007D4303 /* ui-icons_2e83ff_256x240.png */ = {isa = PBXFileReference; lastKnownFileType = image.png; path = "ui-icons_2e83ff_256x240.png"; sourceTree = "<group>"; };
		49E012791A795DFE007D4303 /* ui-icons_469bdd_256x240.png */ = {isa = PBXFileReference; lastKnownFileType = image.png; path = "ui-icons_469bdd_256x240.png"; sourceTree = "<group>"; };
		49E0127A1A795DFE007D4303 /* ui-icons_6da8d5_256x240.png */ = {isa = PBXFileReference; lastKnownFileType = image.png; path = "ui-icons_6da8d5_256x240.png"; sourceTree = "<group>"; };
		49E0127B1A795DFE007D4303 /* ui-icons_cd0a0a_256x240.png */ = {isa = PBXFileReference; lastKnownFileType = image.png; path = "ui-icons_cd0a0a_256x240.png"; sourceTree = "<group>"; };
		49E0127C1A795DFE007D4303 /* ui-icons_d8e7f3_256x240.png */ = {isa = PBXFileReference; lastKnownFileType = image.png; path = "ui-icons_d8e7f3_256x240.png"; sourceTree = "<group>"; };
		49E0127D1A795DFE007D4303 /* ui-icons_f9bd01_256x240.png */ = {isa = PBXFileReference; lastKnownFileType = image.png; path = "ui-icons_f9bd01_256x240.png"; sourceTree = "<group>"; };
		49E0127E1A795DFE007D4303 /* jquery-ui.min.css */ = {isa = PBXFileReference; fileEncoding = 4; lastKnownFileType = text.css; path = "jquery-ui.min.css"; sourceTree = "<group>"; };
		49E012811A795DFE007D4303 /* ui-bg_flat_0_aaaaaa_40x100.png */ = {isa = PBXFileReference; lastKnownFileType = image.png; path = "ui-bg_flat_0_aaaaaa_40x100.png"; sourceTree = "<group>"; };
		49E012821A795DFE007D4303 /* ui-bg_flat_75_ffffff_40x100.png */ = {isa = PBXFileReference; lastKnownFileType = image.png; path = "ui-bg_flat_75_ffffff_40x100.png"; sourceTree = "<group>"; };
		49E012831A795DFE007D4303 /* ui-bg_glass_55_fbf9ee_1x400.png */ = {isa = PBXFileReference; lastKnownFileType = image.png; path = "ui-bg_glass_55_fbf9ee_1x400.png"; sourceTree = "<group>"; };
		49E012841A795DFE007D4303 /* ui-bg_glass_65_ffffff_1x400.png */ = {isa = PBXFileReference; lastKnownFileType = image.png; path = "ui-bg_glass_65_ffffff_1x400.png"; sourceTree = "<group>"; };
		49E012851A795DFE007D4303 /* ui-bg_glass_75_dadada_1x400.png */ = {isa = PBXFileReference; lastKnownFileType = image.png; path = "ui-bg_glass_75_dadada_1x400.png"; sourceTree = "<group>"; };
		49E012861A795DFE007D4303 /* ui-bg_glass_75_e6e6e6_1x400.png */ = {isa = PBXFileReference; lastKnownFileType = image.png; path = "ui-bg_glass_75_e6e6e6_1x400.png"; sourceTree = "<group>"; };
		49E012871A795DFE007D4303 /* ui-bg_glass_95_fef1ec_1x400.png */ = {isa = PBXFileReference; lastKnownFileType = image.png; path = "ui-bg_glass_95_fef1ec_1x400.png"; sourceTree = "<group>"; };
		49E012881A795DFE007D4303 /* ui-bg_highlight-soft_75_cccccc_1x100.png */ = {isa = PBXFileReference; lastKnownFileType = image.png; path = "ui-bg_highlight-soft_75_cccccc_1x100.png"; sourceTree = "<group>"; };
		49E012891A795DFE007D4303 /* ui-icons_222222_256x240.png */ = {isa = PBXFileReference; lastKnownFileType = image.png; path = "ui-icons_222222_256x240.png"; sourceTree = "<group>"; };
		49E0128A1A795DFE007D4303 /* ui-icons_2e83ff_256x240.png */ = {isa = PBXFileReference; lastKnownFileType = image.png; path = "ui-icons_2e83ff_256x240.png"; sourceTree = "<group>"; };
		49E0128B1A795DFE007D4303 /* ui-icons_454545_256x240.png */ = {isa = PBXFileReference; lastKnownFileType = image.png; path = "ui-icons_454545_256x240.png"; sourceTree = "<group>"; };
		49E0128C1A795DFE007D4303 /* ui-icons_888888_256x240.png */ = {isa = PBXFileReference; lastKnownFileType = image.png; path = "ui-icons_888888_256x240.png"; sourceTree = "<group>"; };
		49E0128D1A795DFE007D4303 /* ui-icons_cd0a0a_256x240.png */ = {isa = PBXFileReference; lastKnownFileType = image.png; path = "ui-icons_cd0a0a_256x240.png"; sourceTree = "<group>"; };
		49E0128E1A795DFE007D4303 /* jquery-ui.min.css */ = {isa = PBXFileReference; fileEncoding = 4; lastKnownFileType = text.css; path = "jquery-ui.min.css"; sourceTree = "<group>"; };
/* End PBXFileReference section */

/* Begin PBXGroup section */
		493AA22E1A7419A9005DDFFB /* SharedProjects */ = {
			isa = PBXGroup;
			children = (
				493AA22F1A7419A9005DDFFB /* README.md */,
			);
			path = SharedProjects;
			sourceTree = "<group>";
		};
		494464AC1A2323990066BDE1 /* help */ = {
			isa = PBXGroup;
			children = (
				494464AE1A2323990066BDE1 /* Frequency.html */,
				494464B61A2324D40066BDE1 /* Frequency-nl.html */,
				494464AF1A2323990066BDE1 /* Impact.html */,
				494464B71A2324D40066BDE1 /* Impact-nl.html */,
				494464B01A2323990066BDE1 /* Process.html */,
				494464B51A2324D40066BDE1 /* Process-nl.html */,
				494464AD1A2323990066BDE1 /* About.html */,
				494464B81A2324D40066BDE1 /* About-nl.html */,
			);
			path = help;
			sourceTree = "<group>";
		};
		494B6F5E18796DD000400328 = {
			isa = PBXGroup;
			children = (
				499A6BA01A72DC080047E182 /* LICENSE.md */,
				499A6B9F1A72D97A0047E182 /* README.md */,
				494B6F6518796E9D00400328 /* changes to commit */,
				498BB2B91A2626AF00B12844 /* build.sh */,
				494B6F6618796E9D00400328 /* js */,
				494B6FA218796E9D00400328 /* css */,
				494B6FDA18796E9D00400328 /* public_group */,
				494B6FEB18796E9D00400328 /* img */,
				494B6F8A18796E9D00400328 /* index.inc */,
				494B702918796E9D00400328 /* share.inc */,
				494B6FA118796E9D00400328 /* sse_projmon.inc */,
				494464AC1A2323990066BDE1 /* help */,
				494EAEBC1A9AF8DE00C63573 /* manual-EN-v0.9.2.pdf */,
				4966C13A1AEE35F7002B5F9A /* Raster-EN-1.0.pdf */,
				4966C13B1AEE35F7002B5F9A /* Raster-NL-1.0.pdf */,
				494B702A18796E9D00400328 /* ReleaseNotes.txt */,
				494B702C18796E9D00400328 /* index.html */,
			);
			sourceTree = "<group>";
			usesTabs = 1;
			wrapsLines = 0;
		};
		494B6F6618796E9D00400328 /* js */ = {
			isa = PBXGroup;
			children = (
				494B6F6718796E9D00400328 /* Bugs and Features.txt */,
				494B6F6818796E9D00400328 /* designAtomicActions.txt */,
				494B6F8818796E9D00400328 /* Testcase.txt */,
				494B6F7A18796E9D00400328 /* layout.odg */,
				494B6F6918796E9D00400328 /* encodedecode.js */,
				494B6F6A18796E9D00400328 /* eventsource.js */,
				49D256041A1E87BF00102918 /* jquery.localisation.js */,
				494B6F6F18796E9D00400328 /* jquery.editinplace-2.2.1.js */,
				495591DF1A7AB6C60016B001 /* jquery-2.1.3.js */,
				49C780331A76C3120003863C /* jquery-ui-1.11.2.js */,
				499BA93D1AD80D22005D20B4 /* jquery.jsPlumb-1.7.5.js */,
				494B6F7B18796E9D00400328 /* lint */,
				494B6F8118796E9D00400328 /* rasterMain.js */,
				494B6F7F18796E9D00400328 /* rasterComponent.js */,
				494B6F8218796E9D00400328 /* rasterNode.js */,
				494B6F8318796E9D00400328 /* rasterNodeCluster.js */,
				494B6F8418796E9D00400328 /* rasterPreferencesObject.js */,
				494B6F8518796E9D00400328 /* rasterProject.js */,
				494B6F8618796E9D00400328 /* rasterService.js */,
				494B6F8718796E9D00400328 /* rasterThreatEvaluation.js */,
				49D256061A1E88A200102918 /* translation-nl.js */,
			);
			path = js;
			sourceTree = "<group>";
		};
		494B6F7B18796E9D00400328 /* lint */ = {
			isa = PBXGroup;
			children = (
				494B6F7C18796E9D00400328 /* checkall.sh */,
				494B6F7D18796E9D00400328 /* jsl */,
				494B6F7E18796E9D00400328 /* jsl.default.conf */,
			);
			path = lint;
			sourceTree = "<group>";
		};
		494B6FA218796E9D00400328 /* css */ = {
			isa = PBXGroup;
			children = (
				49CA2DF71A7A54010085252F /* start-1.11.2 */,
				49E0126D1A795DFE007D4303 /* redmond-1.11.2 */,
				49E0127F1A795DFE007D4303 /* smoothness-1.11.2 */,
				494B6FB518796E9D00400328 /* raster-print.css */,
				494B6FB618796E9D00400328 /* raster.css */,
			);
			path = css;
			sourceTree = "<group>";
		};
		494B6FDA18796E9D00400328 /* public_group */ = {
			isa = PBXGroup;
			children = (
				494B6FDB18796E9D00400328 /* htaccess */,
				494B6FDC18796E9D00400328 /* index.php */,
				494B6FDD18796E9D00400328 /* share.php */,
				494B6FEA18796E9D00400328 /* sse_projmon.php */,
				493AA22E1A7419A9005DDFFB /* SharedProjects */,
			);
			path = public_group;
			sourceTree = "<group>";
		};
		494B6FEB18796E9D00400328 /* img */ = {
			isa = PBXGroup;
			children = (
				498BB2B31A26231E00B12844 /* find.png */,
				499804E3187F29D10063E8C5 /* qm-hi.png */,
				499804E4187F29D10063E8C5 /* qm-lo.png */,
				491CD6D3187DA7600028B84D /* dropedit.png */,
				494B6FEC18796E9D00400328 /* blue */,
				494B6FF218796E9D00400328 /* disable.png */,
				494B6FF318796E9D00400328 /* dropdown.png */,
				494B6FF418796E9D00400328 /* green */,
				494B6FFA18796E9D00400328 /* grey */,
				494B700018796E9D00400328 /* info.png */,
				494B700118796E9D00400328 /* list.png */,
				494B700218796E9D00400328 /* nolabel.png */,
				494B700318796E9D00400328 /* none */,
				494B700918796E9D00400328 /* orange */,
				494B700F18796E9D00400328 /* purple */,
				494B701518796E9D00400328 /* Raster.png */,
				494B701618796E9D00400328 /* red */,
				494B701C18796E9D00400328 /* selected.png */,
				494B701D18796E9D00400328 /* tACTicon.png */,
				494B701E18796E9D00400328 /* tEQTicon.png */,
				491CD6CA187D97B60028B84D /* tNOTicon.png */,
				494B701F18796E9D00400328 /* tUNKicon.png */,
				494B702018796E9D00400328 /* tWLSicon.png */,
				494B702118796E9D00400328 /* tWRDicon.png */,
				494B702218796E9D00400328 /* warn.png */,
				494B702318796E9D00400328 /* yellow */,
			);
			path = img;
			sourceTree = "<group>";
		};
		494B6FEC18796E9D00400328 /* blue */ = {
			isa = PBXGroup;
			children = (
				491CD6CB187D97C90028B84D /* tNOT.png */,
				494B6FED18796E9D00400328 /* tACT.png */,
				494B6FEE18796E9D00400328 /* tEQT.png */,
				494B6FEF18796E9D00400328 /* tUNK.png */,
				494B6FF018796E9D00400328 /* tWLS.png */,
				494B6FF118796E9D00400328 /* tWRD.png */,
			);
			path = blue;
			sourceTree = "<group>";
		};
		494B6FF418796E9D00400328 /* green */ = {
			isa = PBXGroup;
			children = (
				491CD6CC187D97D00028B84D /* tNOT.png */,
				494B6FF518796E9D00400328 /* tACT.png */,
				494B6FF618796E9D00400328 /* tEQT.png */,
				494B6FF718796E9D00400328 /* tUNK.png */,
				494B6FF818796E9D00400328 /* tWLS.png */,
				494B6FF918796E9D00400328 /* tWRD.png */,
			);
			path = green;
			sourceTree = "<group>";
		};
		494B6FFA18796E9D00400328 /* grey */ = {
			isa = PBXGroup;
			children = (
				491CD6CD187D97D90028B84D /* tNOT.png */,
				494B6FFB18796E9D00400328 /* tACT.png */,
				494B6FFC18796E9D00400328 /* tEQT.png */,
				494B6FFD18796E9D00400328 /* tUNK.png */,
				494B6FFE18796E9D00400328 /* tWLS.png */,
				494B6FFF18796E9D00400328 /* tWRD.png */,
			);
			path = grey;
			sourceTree = "<group>";
		};
		494B700318796E9D00400328 /* none */ = {
			isa = PBXGroup;
			children = (
				491CD6CE187D97EA0028B84D /* tNOT.png */,
				494B700418796E9D00400328 /* tACT.png */,
				494B700518796E9D00400328 /* tEQT.png */,
				494B700618796E9D00400328 /* tUNK.png */,
				494B700718796E9D00400328 /* tWLS.png */,
				494B700818796E9D00400328 /* tWRD.png */,
			);
			path = none;
			sourceTree = "<group>";
		};
		494B700918796E9D00400328 /* orange */ = {
			isa = PBXGroup;
			children = (
				491CD6CF187D97F30028B84D /* tNOT.png */,
				494B700A18796E9D00400328 /* tACT.png */,
				494B700B18796E9D00400328 /* tEQT.png */,
				494B700C18796E9D00400328 /* tUNK.png */,
				494B700D18796E9D00400328 /* tWLS.png */,
				494B700E18796E9D00400328 /* tWRD.png */,
			);
			path = orange;
			sourceTree = "<group>";
		};
		494B700F18796E9D00400328 /* purple */ = {
			isa = PBXGroup;
			children = (
				491CD6D0187D97FC0028B84D /* tNOT.png */,
				494B701018796E9D00400328 /* tACT.png */,
				494B701118796E9D00400328 /* tEQT.png */,
				494B701218796E9D00400328 /* tUNK.png */,
				494B701318796E9D00400328 /* tWLS.png */,
				494B701418796E9D00400328 /* tWRD.png */,
			);
			path = purple;
			sourceTree = "<group>";
		};
		494B701618796E9D00400328 /* red */ = {
			isa = PBXGroup;
			children = (
				491CD6D1187D98070028B84D /* tNOT.png */,
				494B701718796E9D00400328 /* tACT.png */,
				494B701818796E9D00400328 /* tEQT.png */,
				494B701918796E9D00400328 /* tUNK.png */,
				494B701A18796E9D00400328 /* tWLS.png */,
				494B701B18796E9D00400328 /* tWRD.png */,
			);
			path = red;
			sourceTree = "<group>";
		};
		494B702318796E9D00400328 /* yellow */ = {
			isa = PBXGroup;
			children = (
				491CD6D2187D980F0028B84D /* tNOT.png */,
				494B702418796E9D00400328 /* tACT.png */,
				494B702518796E9D00400328 /* tEQT.png */,
				494B702618796E9D00400328 /* tUNK.png */,
				494B702718796E9D00400328 /* tWLS.png */,
				494B702818796E9D00400328 /* tWRD.png */,
			);
			path = yellow;
			sourceTree = "<group>";
		};
		49CA2DF71A7A54010085252F /* start-1.11.2 */ = {
			isa = PBXGroup;
			children = (
				49CA2DF81A7A54010085252F /* images */,
				49CA2E091A7A54010085252F /* jquery-ui.min.css */,
			);
			path = "start-1.11.2";
			sourceTree = "<group>";
		};
		49CA2DF81A7A54010085252F /* images */ = {
			isa = PBXGroup;
			children = (
				49CA2DF91A7A54010085252F /* ui-bg_flat_55_999999_40x100.png */,
				49CA2DFA1A7A54010085252F /* ui-bg_flat_75_aaaaaa_40x100.png */,
				49CA2DFB1A7A54010085252F /* ui-bg_glass_45_0078ae_1x400.png */,
				49CA2DFC1A7A54010085252F /* ui-bg_glass_55_f8da4e_1x400.png */,
				49CA2DFD1A7A54010085252F /* ui-bg_glass_75_79c9ec_1x400.png */,
				49CA2DFE1A7A54010085252F /* ui-bg_gloss-wave_45_e14f1c_500x100.png */,
				49CA2DFF1A7A54010085252F /* ui-bg_gloss-wave_50_6eac2c_500x100.png */,
				49CA2E001A7A54010085252F /* ui-bg_gloss-wave_75_2191c0_500x100.png */,
				49CA2E011A7A54010085252F /* ui-bg_inset-hard_100_fcfdfd_1x100.png */,
				49CA2E021A7A54010085252F /* ui-icons_0078ae_256x240.png */,
				49CA2E031A7A54010085252F /* ui-icons_056b93_256x240.png */,
				49CA2E041A7A54010085252F /* ui-icons_d8e7f3_256x240.png */,
				49CA2E051A7A54010085252F /* ui-icons_e0fdff_256x240.png */,
				49CA2E061A7A54010085252F /* ui-icons_f5e175_256x240.png */,
				49CA2E071A7A54010085252F /* ui-icons_f7a50d_256x240.png */,
				49CA2E081A7A54010085252F /* ui-icons_fcd113_256x240.png */,
			);
			path = images;
			sourceTree = "<group>";
		};
		49E0126D1A795DFE007D4303 /* redmond-1.11.2 */ = {
			isa = PBXGroup;
			children = (
				49E0126E1A795DFE007D4303 /* images */,
				49E0127E1A795DFE007D4303 /* jquery-ui.min.css */,
			);
			path = "redmond-1.11.2";
			sourceTree = "<group>";
		};
		49E0126E1A795DFE007D4303 /* images */ = {
			isa = PBXGroup;
			children = (
				49E0126F1A795DFE007D4303 /* ui-bg_flat_0_aaaaaa_40x100.png */,
				49E012701A795DFE007D4303 /* ui-bg_flat_55_fbec88_40x100.png */,
				49E012711A795DFE007D4303 /* ui-bg_glass_75_d0e5f5_1x400.png */,
				49E012721A795DFE007D4303 /* ui-bg_glass_85_dfeffc_1x400.png */,
				49E012731A795DFE007D4303 /* ui-bg_glass_95_fef1ec_1x400.png */,
				49E012741A795DFE007D4303 /* ui-bg_gloss-wave_55_5c9ccc_500x100.png */,
				49E012751A795DFE007D4303 /* ui-bg_inset-hard_100_f5f8f9_1x100.png */,
				49E012761A795DFE007D4303 /* ui-bg_inset-hard_100_fcfdfd_1x100.png */,
				49E012771A795DFE007D4303 /* ui-icons_217bc0_256x240.png */,
				49E012781A795DFE007D4303 /* ui-icons_2e83ff_256x240.png */,
				49E012791A795DFE007D4303 /* ui-icons_469bdd_256x240.png */,
				49E0127A1A795DFE007D4303 /* ui-icons_6da8d5_256x240.png */,
				49E0127B1A795DFE007D4303 /* ui-icons_cd0a0a_256x240.png */,
				49E0127C1A795DFE007D4303 /* ui-icons_d8e7f3_256x240.png */,
				49E0127D1A795DFE007D4303 /* ui-icons_f9bd01_256x240.png */,
			);
			path = images;
			sourceTree = "<group>";
		};
		49E0127F1A795DFE007D4303 /* smoothness-1.11.2 */ = {
			isa = PBXGroup;
			children = (
				49E012801A795DFE007D4303 /* images */,
				49E0128E1A795DFE007D4303 /* jquery-ui.min.css */,
			);
			path = "smoothness-1.11.2";
			sourceTree = "<group>";
		};
		49E012801A795DFE007D4303 /* images */ = {
			isa = PBXGroup;
			children = (
				49E012811A795DFE007D4303 /* ui-bg_flat_0_aaaaaa_40x100.png */,
				49E012821A795DFE007D4303 /* ui-bg_flat_75_ffffff_40x100.png */,
				49E012831A795DFE007D4303 /* ui-bg_glass_55_fbf9ee_1x400.png */,
				49E012841A795DFE007D4303 /* ui-bg_glass_65_ffffff_1x400.png */,
				49E012851A795DFE007D4303 /* ui-bg_glass_75_dadada_1x400.png */,
				49E012861A795DFE007D4303 /* ui-bg_glass_75_e6e6e6_1x400.png */,
				49E012871A795DFE007D4303 /* ui-bg_glass_95_fef1ec_1x400.png */,
				49E012881A795DFE007D4303 /* ui-bg_highlight-soft_75_cccccc_1x100.png */,
				49E012891A795DFE007D4303 /* ui-icons_222222_256x240.png */,
				49E0128A1A795DFE007D4303 /* ui-icons_2e83ff_256x240.png */,
				49E0128B1A795DFE007D4303 /* ui-icons_454545_256x240.png */,
				49E0128C1A795DFE007D4303 /* ui-icons_888888_256x240.png */,
				49E0128D1A795DFE007D4303 /* ui-icons_cd0a0a_256x240.png */,
			);
			path = images;
			sourceTree = "<group>";
		};
/* End PBXGroup section */

/* Begin PBXLegacyTarget section */
		494B702F1879E52F00400328 /* Lint */ = {
			isa = PBXLegacyTarget;
			buildArgumentsString = "$(ACTION)";
			buildConfigurationList = 494B70301879E52F00400328 /* Build configuration list for PBXLegacyTarget "Lint" */;
			buildPhases = (
			);
			buildToolPath = lint/checkall.sh;
			buildWorkingDirectory = "$(PROJECT_DIR)/js";
			dependencies = (
			);
			name = Lint;
			passBuildSettingsInEnvironment = 1;
			productName = Lint;
		};
		49BC2AFD1A262C3400EC5A9A /* Distribution */ = {
			isa = PBXLegacyTarget;
			buildArgumentsString = "$(ACTION)";
			buildConfigurationList = 49BC2AFE1A262C3400EC5A9A /* Build configuration list for PBXLegacyTarget "Distribution" */;
			buildPhases = (
			);
			buildToolPath = ./build.sh;
			buildWorkingDirectory = "$(PROJECT_DIR)";
			dependencies = (
			);
			name = Distribution;
			passBuildSettingsInEnvironment = 1;
			productName = Lint;
		};
/* End PBXLegacyTarget section */

/* Begin PBXProject section */
		494B6F5F18796DD000400328 /* Project object */ = {
			isa = PBXProject;
			attributes = {
				LastUpgradeCheck = 0610;
			};
			buildConfigurationList = 494B6F6218796DD000400328 /* Build configuration list for PBXProject "RasterTool" */;
			compatibilityVersion = "Xcode 3.2";
			developmentRegion = English;
			hasScannedForEncodings = 0;
			knownRegions = (
				en,
			);
			mainGroup = 494B6F5E18796DD000400328;
			projectDirPath = "";
			projectRoot = "";
			targets = (
				494B702F1879E52F00400328 /* Lint */,
				49BC2AFD1A262C3400EC5A9A /* Distribution */,
			);
		};
/* End PBXProject section */

/* Begin XCBuildConfiguration section */
		494B6F6318796DD000400328 /* Debug */ = {
			isa = XCBuildConfiguration;
			buildSettings = {
				ONLY_ACTIVE_ARCH = YES;
			};
			name = Debug;
		};
		494B6F6418796DD000400328 /* Release */ = {
			isa = XCBuildConfiguration;
			buildSettings = {
			};
			name = Release;
		};
		494B70311879E52F00400328 /* Debug */ = {
			isa = XCBuildConfiguration;
			buildSettings = {
				ALWAYS_SEARCH_USER_PATHS = NO;
				CLANG_CXX_LANGUAGE_STANDARD = "gnu++0x";
				CLANG_CXX_LIBRARY = "libc++";
				CLANG_ENABLE_OBJC_ARC = YES;
				CLANG_WARN_BOOL_CONVERSION = YES;
				CLANG_WARN_CONSTANT_CONVERSION = YES;
				CLANG_WARN_DIRECT_OBJC_ISA_USAGE = YES_ERROR;
				CLANG_WARN_EMPTY_BODY = YES;
				CLANG_WARN_ENUM_CONVERSION = YES;
				CLANG_WARN_INT_CONVERSION = YES;
				CLANG_WARN_OBJC_ROOT_CLASS = YES_ERROR;
				CLANG_WARN__DUPLICATE_METHOD_MATCH = YES;
				COPY_PHASE_STRIP = NO;
				DEBUGGING_SYMBOLS = YES;
				GCC_C_LANGUAGE_STANDARD = gnu99;
				GCC_DYNAMIC_NO_PIC = NO;
				GCC_ENABLE_OBJC_EXCEPTIONS = YES;
				GCC_GENERATE_DEBUGGING_SYMBOLS = YES;
				GCC_OPTIMIZATION_LEVEL = 0;
				GCC_PREPROCESSOR_DEFINITIONS = (
					"DEBUG=1",
					"$(inherited)",
				);
				GCC_SYMBOLS_PRIVATE_EXTERN = NO;
				GCC_WARN_64_TO_32_BIT_CONVERSION = YES;
				GCC_WARN_ABOUT_RETURN_TYPE = YES_ERROR;
				GCC_WARN_UNDECLARED_SELECTOR = YES;
				GCC_WARN_UNINITIALIZED_AUTOS = YES;
				GCC_WARN_UNUSED_FUNCTION = YES;
				GCC_WARN_UNUSED_VARIABLE = YES;
				MACOSX_DEPLOYMENT_TARGET = 10.9;
				ONLY_ACTIVE_ARCH = YES;
				OTHER_CFLAGS = "";
				OTHER_LDFLAGS = "";
				PRODUCT_NAME = "$(TARGET_NAME)";
				SDKROOT = macosx;
			};
			name = Debug;
		};
		494B70321879E52F00400328 /* Release */ = {
			isa = XCBuildConfiguration;
			buildSettings = {
				ALWAYS_SEARCH_USER_PATHS = NO;
				CLANG_CXX_LANGUAGE_STANDARD = "gnu++0x";
				CLANG_CXX_LIBRARY = "libc++";
				CLANG_ENABLE_OBJC_ARC = YES;
				CLANG_WARN_BOOL_CONVERSION = YES;
				CLANG_WARN_CONSTANT_CONVERSION = YES;
				CLANG_WARN_DIRECT_OBJC_ISA_USAGE = YES_ERROR;
				CLANG_WARN_EMPTY_BODY = YES;
				CLANG_WARN_ENUM_CONVERSION = YES;
				CLANG_WARN_INT_CONVERSION = YES;
				CLANG_WARN_OBJC_ROOT_CLASS = YES_ERROR;
				CLANG_WARN__DUPLICATE_METHOD_MATCH = YES;
				COPY_PHASE_STRIP = YES;
				DEBUG_INFORMATION_FORMAT = "dwarf-with-dsym";
				ENABLE_NS_ASSERTIONS = NO;
				GCC_C_LANGUAGE_STANDARD = gnu99;
				GCC_ENABLE_OBJC_EXCEPTIONS = YES;
				GCC_WARN_64_TO_32_BIT_CONVERSION = YES;
				GCC_WARN_ABOUT_RETURN_TYPE = YES_ERROR;
				GCC_WARN_UNDECLARED_SELECTOR = YES;
				GCC_WARN_UNINITIALIZED_AUTOS = YES;
				GCC_WARN_UNUSED_FUNCTION = YES;
				GCC_WARN_UNUSED_VARIABLE = YES;
				MACOSX_DEPLOYMENT_TARGET = 10.9;
				OTHER_CFLAGS = "";
				OTHER_LDFLAGS = "";
				PRODUCT_NAME = "$(TARGET_NAME)";
				SDKROOT = macosx;
			};
			name = Release;
		};
		49BC2AFF1A262C3400EC5A9A /* Debug */ = {
			isa = XCBuildConfiguration;
			buildSettings = {
				ALWAYS_SEARCH_USER_PATHS = NO;
				CLANG_CXX_LANGUAGE_STANDARD = "gnu++0x";
				CLANG_CXX_LIBRARY = "libc++";
				CLANG_ENABLE_OBJC_ARC = YES;
				CLANG_WARN_BOOL_CONVERSION = YES;
				CLANG_WARN_CONSTANT_CONVERSION = YES;
				CLANG_WARN_DIRECT_OBJC_ISA_USAGE = YES_ERROR;
				CLANG_WARN_EMPTY_BODY = YES;
				CLANG_WARN_ENUM_CONVERSION = YES;
				CLANG_WARN_INT_CONVERSION = YES;
				CLANG_WARN_OBJC_ROOT_CLASS = YES_ERROR;
				CLANG_WARN__DUPLICATE_METHOD_MATCH = YES;
				COPY_PHASE_STRIP = NO;
				DEBUGGING_SYMBOLS = YES;
				GCC_C_LANGUAGE_STANDARD = gnu99;
				GCC_DYNAMIC_NO_PIC = NO;
				GCC_ENABLE_OBJC_EXCEPTIONS = YES;
				GCC_GENERATE_DEBUGGING_SYMBOLS = YES;
				GCC_OPTIMIZATION_LEVEL = 0;
				GCC_PREPROCESSOR_DEFINITIONS = (
					"DEBUG=1",
					"$(inherited)",
				);
				GCC_SYMBOLS_PRIVATE_EXTERN = NO;
				GCC_WARN_64_TO_32_BIT_CONVERSION = YES;
				GCC_WARN_ABOUT_RETURN_TYPE = YES_ERROR;
				GCC_WARN_UNDECLARED_SELECTOR = YES;
				GCC_WARN_UNINITIALIZED_AUTOS = YES;
				GCC_WARN_UNUSED_FUNCTION = YES;
				GCC_WARN_UNUSED_VARIABLE = YES;
				MACOSX_DEPLOYMENT_TARGET = 10.9;
				ONLY_ACTIVE_ARCH = YES;
				OTHER_CFLAGS = "";
				OTHER_LDFLAGS = "";
				PRODUCT_NAME = "Lint copy";
				SDKROOT = macosx;
			};
			name = Debug;
		};
		49BC2B001A262C3400EC5A9A /* Release */ = {
			isa = XCBuildConfiguration;
			buildSettings = {
				ALWAYS_SEARCH_USER_PATHS = NO;
				CLANG_CXX_LANGUAGE_STANDARD = "gnu++0x";
				CLANG_CXX_LIBRARY = "libc++";
				CLANG_ENABLE_OBJC_ARC = YES;
				CLANG_WARN_BOOL_CONVERSION = YES;
				CLANG_WARN_CONSTANT_CONVERSION = YES;
				CLANG_WARN_DIRECT_OBJC_ISA_USAGE = YES_ERROR;
				CLANG_WARN_EMPTY_BODY = YES;
				CLANG_WARN_ENUM_CONVERSION = YES;
				CLANG_WARN_INT_CONVERSION = YES;
				CLANG_WARN_OBJC_ROOT_CLASS = YES_ERROR;
				CLANG_WARN__DUPLICATE_METHOD_MATCH = YES;
				COPY_PHASE_STRIP = YES;
				DEBUG_INFORMATION_FORMAT = "dwarf-with-dsym";
				ENABLE_NS_ASSERTIONS = NO;
				GCC_C_LANGUAGE_STANDARD = gnu99;
				GCC_ENABLE_OBJC_EXCEPTIONS = YES;
				GCC_WARN_64_TO_32_BIT_CONVERSION = YES;
				GCC_WARN_ABOUT_RETURN_TYPE = YES_ERROR;
				GCC_WARN_UNDECLARED_SELECTOR = YES;
				GCC_WARN_UNINITIALIZED_AUTOS = YES;
				GCC_WARN_UNUSED_FUNCTION = YES;
				GCC_WARN_UNUSED_VARIABLE = YES;
				MACOSX_DEPLOYMENT_TARGET = 10.9;
				OTHER_CFLAGS = "";
				OTHER_LDFLAGS = "";
				PRODUCT_NAME = "Lint copy";
				SDKROOT = macosx;
			};
			name = Release;
		};
/* End XCBuildConfiguration section */

/* Begin XCConfigurationList section */
		494B6F6218796DD000400328 /* Build configuration list for PBXProject "RasterTool" */ = {
			isa = XCConfigurationList;
			buildConfigurations = (
				494B6F6318796DD000400328 /* Debug */,
				494B6F6418796DD000400328 /* Release */,
			);
			defaultConfigurationIsVisible = 0;
			defaultConfigurationName = Release;
		};
		494B70301879E52F00400328 /* Build configuration list for PBXLegacyTarget "Lint" */ = {
			isa = XCConfigurationList;
			buildConfigurations = (
				494B70311879E52F00400328 /* Debug */,
				494B70321879E52F00400328 /* Release */,
			);
			defaultConfigurationIsVisible = 0;
			defaultConfigurationName = Release;
		};
		49BC2AFE1A262C3400EC5A9A /* Build configuration list for PBXLegacyTarget "Distribution" */ = {
			isa = XCConfigurationList;
			buildConfigurations = (
				49BC2AFF1A262C3400EC5A9A /* Debug */,
				49BC2B001A262C3400EC5A9A /* Release */,
			);
			defaultConfigurationIsVisible = 0;
			defaultConfigurationName = Release;
		};
/* End XCConfigurationList section */
	};
	rootObject = 494B6F5F18796DD000400328 /* Project object */;
}
